// !$*UTF8*$!
{
	archiveVersion = 1;
	classes = {
	};
	objectVersion = 48;
	objects = {

/* Begin PBXBuildFile section */
		2E0E33F0210738440049C68B /* AppDelegate.m in Sources */ = {isa = PBXBuildFile; fileRef = 2E0E33EF210738440049C68B /* AppDelegate.m */; };
		2E0E33F3210738440049C68B /* ViewController.m in Sources */ = {isa = PBXBuildFile; fileRef = 2E0E33F2210738440049C68B /* ViewController.m */; };
		2E0E33F6210738440049C68B /* Main.storyboard in Resources */ = {isa = PBXBuildFile; fileRef = 2E0E33F4210738440049C68B /* Main.storyboard */; };
		2E0E33F8210738440049C68B /* Assets.xcassets in Resources */ = {isa = PBXBuildFile; fileRef = 2E0E33F7210738440049C68B /* Assets.xcassets */; };
		2E0E33FB210738440049C68B /* LaunchScreen.storyboard in Resources */ = {isa = PBXBuildFile; fileRef = 2E0E33F9210738440049C68B /* LaunchScreen.storyboard */; };
		2E0E33FE210738440049C68B /* main.m in Sources */ = {isa = PBXBuildFile; fileRef = 2E0E33FD210738440049C68B /* main.m */; };
		2E0E3408210738440049C68B /* testTests.m in Sources */ = {isa = PBXBuildFile; fileRef = 2E0E3407210738440049C68B /* testTests.m */; };
		2E0E3413210738440049C68B /* testUITests.m in Sources */ = {isa = PBXBuildFile; fileRef = 2E0E3412210738440049C68B /* testUITests.m */; };
		2E0E34222107386B0049C68B /* People.m in Sources */ = {isa = PBXBuildFile; fileRef = 2E0E34212107386B0049C68B /* People.m */; };
/* End PBXBuildFile section */

/* Begin PBXContainerItemProxy section */
		2E0E3404210738440049C68B /* PBXContainerItemProxy */ = {
			isa = PBXContainerItemProxy;
			containerPortal = 2E0E33E3210738440049C68B /* Project object */;
			proxyType = 1;
			remoteGlobalIDString = 2E0E33EA210738440049C68B;
			remoteInfo = test;
		};
		2E0E340F210738440049C68B /* PBXContainerItemProxy */ = {
			isa = PBXContainerItemProxy;
			containerPortal = 2E0E33E3210738440049C68B /* Project object */;
			proxyType = 1;
			remoteGlobalIDString = 2E0E33EA210738440049C68B;
			remoteInfo = test;
		};
/* End PBXContainerItemProxy section */

/* Begin PBXFileReference section */
		2E0E33EB210738440049C68B /* test.app */ = {isa = PBXFileReference; explicitFileType = wrapper.application; includeInIndex = 0; path = test.app; sourceTree = BUILT_PRODUCTS_DIR; };
		2E0E33EE210738440049C68B /* AppDelegate.h */ = {isa = PBXFileReference; lastKnownFileType = sourcecode.c.h; path = AppDelegate.h; sourceTree = "<group>"; };
		2E0E33EF210738440049C68B /* AppDelegate.m */ = {isa = PBXFileReference; lastKnownFileType = sourcecode.c.objc; path = AppDelegate.m; sourceTree = "<group>"; };
		2E0E33F1210738440049C68B /* ViewController.h */ = {isa = PBXFileReference; lastKnownFileType = sourcecode.c.h; path = ViewController.h; sourceTree = "<group>"; };
		2E0E33F2210738440049C68B /* ViewController.m */ = {isa = PBXFileReference; lastKnownFileType = sourcecode.c.objc; path = ViewController.m; sourceTree = "<group>"; };
		2E0E33F5210738440049C68B /* Base */ = {isa = PBXFileReference; lastKnownFileType = file.storyboard; name = Base; path = Base.lproj/Main.storyboard; sourceTree = "<group>"; };
		2E0E33F7210738440049C68B /* Assets.xcassets */ = {isa = PBXFileReference; lastKnownFileType = folder.assetcatalog; path = Assets.xcassets; sourceTree = "<group>"; };
		2E0E33FA210738440049C68B /* Base */ = {isa = PBXFileReference; lastKnownFileType = file.storyboard; name = Base; path = Base.lproj/LaunchScreen.storyboard; sourceTree = "<group>"; };
		2E0E33FC210738440049C68B /* Info.plist */ = {isa = PBXFileReference; lastKnownFileType = text.plist.xml; path = Info.plist; sourceTree = "<group>"; };
		2E0E33FD210738440049C68B /* main.m */ = {isa = PBXFileReference; lastKnownFileType = sourcecode.c.objc; path = main.m; sourceTree = "<group>"; };
		2E0E3403210738440049C68B /* testTests.xctest */ = {isa = PBXFileReference; explicitFileType = wrapper.cfbundle; includeInIndex = 0; path = testTests.xctest; sourceTree = BUILT_PRODUCTS_DIR; };
		2E0E3407210738440049C68B /* testTests.m */ = {isa = PBXFileReference; lastKnownFileType = sourcecode.c.objc; path = testTests.m; sourceTree = "<group>"; };
		2E0E3409210738440049C68B /* Info.plist */ = {isa = PBXFileReference; lastKnownFileType = text.plist.xml; path = Info.plist; sourceTree = "<group>"; };
		2E0E340E210738440049C68B /* testUITests.xctest */ = {isa = PBXFileReference; explicitFileType = wrapper.cfbundle; includeInIndex = 0; path = testUITests.xctest; sourceTree = BUILT_PRODUCTS_DIR; };
		2E0E3412210738440049C68B /* testUITests.m */ = {isa = PBXFileReference; lastKnownFileType = sourcecode.c.objc; path = testUITests.m; sourceTree = "<group>"; };
		2E0E3414210738440049C68B /* Info.plist */ = {isa = PBXFileReference; lastKnownFileType = text.plist.xml; path = Info.plist; sourceTree = "<group>"; };
		2E0E34202107386B0049C68B /* People.h */ = {isa = PBXFileReference; lastKnownFileType = sourcecode.c.h; path = People.h; sourceTree = "<group>"; };
		2E0E34212107386B0049C68B /* People.m */ = {isa = PBXFileReference; lastKnownFileType = sourcecode.c.objc; path = People.m; sourceTree = "<group>"; };
/* End PBXFileReference section */

/* Begin PBXFrameworksBuildPhase section */
		2E0E33E8210738440049C68B /* Frameworks */ = {
			isa = PBXFrameworksBuildPhase;
			buildActionMask = 2147483647;
			files = (
			);
			runOnlyForDeploymentPostprocessing = 0;
		};
		2E0E3400210738440049C68B /* Frameworks */ = {
			isa = PBXFrameworksBuildPhase;
			buildActionMask = 2147483647;
			files = (
			);
			runOnlyForDeploymentPostprocessing = 0;
		};
		2E0E340B210738440049C68B /* Frameworks */ = {
			isa = PBXFrameworksBuildPhase;
			buildActionMask = 2147483647;
			files = (
			);
			runOnlyForDeploymentPostprocessing = 0;
		};
/* End PBXFrameworksBuildPhase section */

/* Begin PBXGroup section */
		2E0E33E2210738440049C68B = {
			isa = PBXGroup;
			children = (
				2E0E33ED210738440049C68B /* test */,
				2E0E3406210738440049C68B /* testTests */,
				2E0E3411210738440049C68B /* testUITests */,
				2E0E33EC210738440049C68B /* Products */,
			);
			sourceTree = "<group>";
		};
		2E0E33EC210738440049C68B /* Products */ = {
			isa = PBXGroup;
			children = (
				2E0E33EB210738440049C68B /* test.app */,
				2E0E3403210738440049C68B /* testTests.xctest */,
				2E0E340E210738440049C68B /* testUITests.xctest */,
			);
			name = Products;
			sourceTree = "<group>";
		};
		2E0E33ED210738440049C68B /* test */ = {
			isa = PBXGroup;
			children = (
				2E0E33EE210738440049C68B /* AppDelegate.h */,
				2E0E33EF210738440049C68B /* AppDelegate.m */,
				2E0E33F1210738440049C68B /* ViewController.h */,
				2E0E33F2210738440049C68B /* ViewController.m */,
				2E0E33F4210738440049C68B /* Main.storyboard */,
				2E0E33F7210738440049C68B /* Assets.xcassets */,
				2E0E33F9210738440049C68B /* LaunchScreen.storyboard */,
				2E0E33FC210738440049C68B /* Info.plist */,
				2E0E33FD210738440049C68B /* main.m */,
				2E0E34202107386B0049C68B /* People.h */,
				2E0E34212107386B0049C68B /* People.m */,
			);
			path = test;
			sourceTree = "<group>";
		};
		2E0E3406210738440049C68B /* testTests */ = {
			isa = PBXGroup;
			children = (
				2E0E3407210738440049C68B /* testTests.m */,
				2E0E3409210738440049C68B /* Info.plist */,
			);
			path = testTests;
			sourceTree = "<group>";
		};
		2E0E3411210738440049C68B /* testUITests */ = {
			isa = PBXGroup;
			children = (
				2E0E3412210738440049C68B /* testUITests.m */,
				2E0E3414210738440049C68B /* Info.plist */,
			);
			path = testUITests;
			sourceTree = "<group>";
		};
/* End PBXGroup section */

/* Begin PBXNativeTarget section */
		2E0E33EA210738440049C68B /* test */ = {
			isa = PBXNativeTarget;
			buildConfigurationList = 2E0E3417210738440049C68B /* Build configuration list for PBXNativeTarget "test" */;
			buildPhases = (
				2E0E33E7210738440049C68B /* Sources */,
				2E0E33E8210738440049C68B /* Frameworks */,
				2E0E33E9210738440049C68B /* Resources */,
			);
			buildRules = (
			);
			dependencies = (
			);
			name = test;
			productName = test;
			productReference = 2E0E33EB210738440049C68B /* test.app */;
			productType = "com.apple.product-type.application";
		};
		2E0E3402210738440049C68B /* testTests */ = {
			isa = PBXNativeTarget;
			buildConfigurationList = 2E0E341A210738440049C68B /* Build configuration list for PBXNativeTarget "testTests" */;
			buildPhases = (
				2E0E33FF210738440049C68B /* Sources */,
				2E0E3400210738440049C68B /* Frameworks */,
				2E0E3401210738440049C68B /* Resources */,
			);
			buildRules = (
			);
			dependencies = (
				2E0E3405210738440049C68B /* PBXTargetDependency */,
			);
			name = testTests;
			productName = testTests;
			productReference = 2E0E3403210738440049C68B /* testTests.xctest */;
			productType = "com.apple.product-type.bundle.unit-test";
		};
		2E0E340D210738440049C68B /* testUITests */ = {
			isa = PBXNativeTarget;
			buildConfigurationList = 2E0E341D210738440049C68B /* Build configuration list for PBXNativeTarget "testUITests" */;
			buildPhases = (
				2E0E340A210738440049C68B /* Sources */,
				2E0E340B210738440049C68B /* Frameworks */,
				2E0E340C210738440049C68B /* Resources */,
			);
			buildRules = (
			);
			dependencies = (
				2E0E3410210738440049C68B /* PBXTargetDependency */,
			);
			name = testUITests;
			productName = testUITests;
			productReference = 2E0E340E210738440049C68B /* testUITests.xctest */;
			productType = "com.apple.product-type.bundle.ui-testing";
		};
/* End PBXNativeTarget section */

/* Begin PBXProject section */
		2E0E33E3210738440049C68B /* Project object */ = {
			isa = PBXProject;
			attributes = {
				LastUpgradeCheck = 0920;
				ORGANIZATIONNAME = yongneng;
				TargetAttributes = {
					2E0E33EA210738440049C68B = {
						CreatedOnToolsVersion = 9.2;
						ProvisioningStyle = Automatic;
					};
					2E0E3402210738440049C68B = {
						CreatedOnToolsVersion = 9.2;
						ProvisioningStyle = Automatic;
						TestTargetID = 2E0E33EA210738440049C68B;
					};
					2E0E340D210738440049C68B = {
						CreatedOnToolsVersion = 9.2;
						ProvisioningStyle = Automatic;
						TestTargetID = 2E0E33EA210738440049C68B;
					};
				};
			};
			buildConfigurationList = 2E0E33E6210738440049C68B /* Build configuration list for PBXProject "test" */;
			compatibilityVersion = "Xcode 8.0";
			developmentRegion = en;
			hasScannedForEncodings = 0;
			knownRegions = (
				en,
				Base,
			);
			mainGroup = 2E0E33E2210738440049C68B;
			productRefGroup = 2E0E33EC210738440049C68B /* Products */;
			projectDirPath = "";
			projectRoot = "";
			targets = (
				2E0E33EA210738440049C68B /* test */,
				2E0E3402210738440049C68B /* testTests */,
				2E0E340D210738440049C68B /* testUITests */,
			);
		};
/* End PBXProject section */

/* Begin PBXResourcesBuildPhase section */
		2E0E33E9210738440049C68B /* Resources */ = {
			isa = PBXResourcesBuildPhase;
			buildActionMask = 2147483647;
			files = (
				2E0E33FB210738440049C68B /* LaunchScreen.storyboard in Resources */,
				2E0E33F8210738440049C68B /* Assets.xcassets in Resources */,
				2E0E33F6210738440049C68B /* Main.storyboard in Resources */,
			);
			runOnlyForDeploymentPostprocessing = 0;
		};
		2E0E3401210738440049C68B /* Resources */ = {
			isa = PBXResourcesBuildPhase;
			buildActionMask = 2147483647;
			files = (
			);
			runOnlyForDeploymentPostprocessing = 0;
		};
		2E0E340C210738440049C68B /* Resources */ = {
			isa = PBXResourcesBuildPhase;
			buildActionMask = 2147483647;
			files = (
			);
			runOnlyForDeploymentPostprocessing = 0;
		};
/* End PBXResourcesBuildPhase section */

/* Begin PBXSourcesBuildPhase section */
		2E0E33E7210738440049C68B /* Sources */ = {
			isa = PBXSourcesBuildPhase;
			buildActionMask = 2147483647;
			files = (
				2E0E34222107386B0049C68B /* People.m in Sources */,
				2E0E33F3210738440049C68B /* ViewController.m in Sources */,
				2E0E33FE210738440049C68B /* main.m in Sources */,
				2E0E33F0210738440049C68B /* AppDelegate.m in Sources */,
			);
			runOnlyForDeploymentPostprocessing = 0;
		};
		2E0E33FF210738440049C68B /* Sources */ = {
			isa = PBXSourcesBuildPhase;
			buildActionMask = 2147483647;
			files = (
				2E0E3408210738440049C68B /* testTests.m in Sources */,
			);
			runOnlyForDeploymentPostprocessing = 0;
		};
		2E0E340A210738440049C68B /* Sources */ = {
			isa = PBXSourcesBuildPhase;
			buildActionMask = 2147483647;
			files = (
				2E0E3413210738440049C68B /* testUITests.m in Sources */,
			);
			runOnlyForDeploymentPostprocessing = 0;
		};
/* End PBXSourcesBuildPhase section */

/* Begin PBXTargetDependency section */
		2E0E3405210738440049C68B /* PBXTargetDependency */ = {
			isa = PBXTargetDependency;
			target = 2E0E33EA210738440049C68B /* test */;
			targetProxy = 2E0E3404210738440049C68B /* PBXContainerItemProxy */;
		};
		2E0E3410210738440049C68B /* PBXTargetDependency */ = {
			isa = PBXTargetDependency;
			target = 2E0E33EA210738440049C68B /* test */;
			targetProxy = 2E0E340F210738440049C68B /* PBXContainerItemProxy */;
		};
/* End PBXTargetDependency section */

/* Begin PBXVariantGroup section */
		2E0E33F4210738440049C68B /* Main.storyboard */ = {
			isa = PBXVariantGroup;
			children = (
				2E0E33F5210738440049C68B /* Base */,
			);
			name = Main.storyboard;
			sourceTree = "<group>";
		};
		2E0E33F9210738440049C68B /* LaunchScreen.storyboard */ = {
			isa = PBXVariantGroup;
			children = (
				2E0E33FA210738440049C68B /* Base */,
			);
			name = LaunchScreen.storyboard;
			sourceTree = "<group>";
		};
/* End PBXVariantGroup section */

/* Begin XCBuildConfiguration section */
		2E0E3415210738440049C68B /* Debug */ = {
			isa = XCBuildConfiguration;
			buildSettings = {
				ALWAYS_SEARCH_USER_PATHS = NO;
				CLANG_ANALYZER_NONNULL = YES;
				CLANG_ANALYZER_NUMBER_OBJECT_CONVERSION = YES_AGGRESSIVE;
				CLANG_CXX_LANGUAGE_STANDARD = "gnu++14";
				CLANG_CXX_LIBRARY = "libc++";
				CLANG_ENABLE_MODULES = YES;
				CLANG_ENABLE_OBJC_ARC = YES;
				CLANG_WARN_BLOCK_CAPTURE_AUTORELEASING = YES;
				CLANG_WARN_BOOL_CONVERSION = YES;
				CLANG_WARN_COMMA = YES;
				CLANG_WARN_CONSTANT_CONVERSION = YES;
				CLANG_WARN_DIRECT_OBJC_ISA_USAGE = YES_ERROR;
				CLANG_WARN_DOCUMENTATION_COMMENTS = YES;
				CLANG_WARN_EMPTY_BODY = YES;
				CLANG_WARN_ENUM_CONVERSION = YES;
				CLANG_WARN_INFINITE_RECURSION = YES;
				CLANG_WARN_INT_CONVERSION = YES;
				CLANG_WARN_NON_LITERAL_NULL_CONVERSION = YES;
				CLANG_WARN_OBJC_LITERAL_CONVERSION = YES;
				CLANG_WARN_OBJC_ROOT_CLASS = YES_ERROR;
				CLANG_WARN_RANGE_LOOP_ANALYSIS = YES;
				CLANG_WARN_STRICT_PROTOTYPES = YES;
				CLANG_WARN_SUSPICIOUS_MOVE = YES;
				CLANG_WARN_UNGUARDED_AVAILABILITY = YES_AGGRESSIVE;
				CLANG_WARN_UNREACHABLE_CODE = YES;
				CLANG_WARN__DUPLICATE_METHOD_MATCH = YES;
				CODE_SIGN_IDENTITY = "iPhone Developer";
				COPY_PHASE_STRIP = NO;
				DEBUG_INFORMATION_FORMAT = dwarf;
				ENABLE_STRICT_OBJC_MSGSEND = YES;
				ENABLE_TESTABILITY = YES;
				GCC_C_LANGUAGE_STANDARD = gnu11;
				GCC_DYNAMIC_NO_PIC = NO;
				GCC_NO_COMMON_BLOCKS = YES;
				GCC_OPTIMIZATION_LEVEL = 0;
				GCC_PREPROCESSOR_DEFINITIONS = (
					"DEBUG=1",
					"$(inherited)",
				);
				GCC_WARN_64_TO_32_BIT_CONVERSION = YES;
				GCC_WARN_ABOUT_RETURN_TYPE = YES_ERROR;
				GCC_WARN_UNDECLARED_SELECTOR = YES;
				GCC_WARN_UNINITIALIZED_AUTOS = YES_AGGRESSIVE;
				GCC_WARN_UNUSED_FUNCTION = YES;
				GCC_WARN_UNUSED_VARIABLE = YES;
				IPHONEOS_DEPLOYMENT_TARGET = 11.2;
				MTL_ENABLE_DEBUG_INFO = YES;
				ONLY_ACTIVE_ARCH = YES;
				SDKROOT = iphoneos;
			};
			name = Debug;
		};
		2E0E3416210738440049C68B /* Release */ = {
			isa = XCBuildConfiguration;
			buildSettings = {
				ALWAYS_SEARCH_USER_PATHS = NO;
				CLANG_ANALYZER_NONNULL = YES;
				CLANG_ANALYZER_NUMBER_OBJECT_CONVERSION = YES_AGGRESSIVE;
				CLANG_CXX_LANGUAGE_STANDARD = "gnu++14";
				CLANG_CXX_LIBRARY = "libc++";
				CLANG_ENABLE_MODULES = YES;
				CLANG_ENABLE_OBJC_ARC = YES;
				CLANG_WARN_BLOCK_CAPTURE_AUTORELEASING = YES;
				CLANG_WARN_BOOL_CONVERSION = YES;
				CLANG_WARN_COMMA = YES;
				CLANG_WARN_CONSTANT_CONVERSION = YES;
				CLANG_WARN_DIRECT_OBJC_ISA_USAGE = YES_ERROR;
				CLANG_WARN_DOCUMENTATION_COMMENTS = YES;
				CLANG_WARN_EMPTY_BODY = YES;
				CLANG_WARN_ENUM_CONVERSION = YES;
				CLANG_WARN_INFINITE_RECURSION = YES;
				CLANG_WARN_INT_CONVERSION = YES;
				CLANG_WARN_NON_LITERAL_NULL_CONVERSION = YES;
				CLANG_WARN_OBJC_LITERAL_CONVERSION = YES;
				CLANG_WARN_OBJC_ROOT_CLASS = YES_ERROR;
				CLANG_WARN_RANGE_LOOP_ANALYSIS = YES;
				CLANG_WARN_STRICT_PROTOTYPES = YES;
				CLANG_WARN_SUSPICIOUS_MOVE = YES;
				CLANG_WARN_UNGUARDED_AVAILABILITY = YES_AGGRESSIVE;
				CLANG_WARN_UNREACHABLE_CODE = YES;
				CLANG_WARN__DUPLICATE_METHOD_MATCH = YES;
				CODE_SIGN_IDENTITY = "iPhone Developer";
				COPY_PHASE_STRIP = NO;
				DEBUG_INFORMATION_FORMAT = "dwarf-with-dsym";
				ENABLE_NS_ASSERTIONS = NO;
				ENABLE_STRICT_OBJC_MSGSEND = YES;
				GCC_C_LANGUAGE_STANDARD = gnu11;
				GCC_NO_COMMON_BLOCKS = YES;
				GCC_WARN_64_TO_32_BIT_CONVERSION = YES;
				GCC_WARN_ABOUT_RETURN_TYPE = YES_ERROR;
				GCC_WARN_UNDECLARED_SELECTOR = YES;
				GCC_WARN_UNINITIALIZED_AUTOS = YES_AGGRESSIVE;
				GCC_WARN_UNUSED_FUNCTION = YES;
				GCC_WARN_UNUSED_VARIABLE = YES;
				IPHONEOS_DEPLOYMENT_TARGET = 11.2;
				MTL_ENABLE_DEBUG_INFO = NO;
				SDKROOT = iphoneos;
				VALIDATE_PRODUCT = YES;
			};
			name = Release;
		};
		2E0E3418210738440049C68B /* Debug */ = {
			isa = XCBuildConfiguration;
			buildSettings = {
				ASSETCATALOG_COMPILER_APPICON_NAME = AppIcon;
				CODE_SIGN_STYLE = Automatic;
				DEVELOPMENT_TEAM = 3ZUHH2H7M8;
				INFOPLIST_FILE = test/Info.plist;
				LD_RUNPATH_SEARCH_PATHS = "$(inherited) @executable_path/Frameworks";
				PRODUCT_BUNDLE_IDENTIFIER = com.yn.test;
				PRODUCT_NAME = "$(TARGET_NAME)";
				TARGETED_DEVICE_FAMILY = "1,2";
			};
			name = Debug;
		};
		2E0E3419210738440049C68B /* Release */ = {
			isa = XCBuildConfiguration;
			buildSettings = {
				ASSETCATALOG_COMPILER_APPICON_NAME = AppIcon;
				CODE_SIGN_STYLE = Automatic;
				DEVELOPMENT_TEAM = 3ZUHH2H7M8;
				INFOPLIST_FILE = test/Info.plist;
				LD_RUNPATH_SEARCH_PATHS = "$(inherited) @executable_path/Frameworks";
				PRODUCT_BUNDLE_IDENTIFIER = com.yn.test;
				PRODUCT_NAME = "$(TARGET_NAME)";
				TARGETED_DEVICE_FAMILY = "1,2";
			};
			name = Release;
		};
		2E0E341B210738440049C68B /* Debug */ = {
			isa = XCBuildConfiguration;
			buildSettings = {
				BUNDLE_LOADER = "$(TEST_HOST)";
				CODE_SIGN_STYLE = Automatic;
				DEVELOPMENT_TEAM = 3ZUHH2H7M8;
				INFOPLIST_FILE = testTests/Info.plist;
				LD_RUNPATH_SEARCH_PATHS = "$(inherited) @executable_path/Frameworks @loader_path/Frameworks";
				PRODUCT_BUNDLE_IDENTIFIER = com.yn.testTests;
				PRODUCT_NAME = "$(TARGET_NAME)";
				TARGETED_DEVICE_FAMILY = "1,2";
				TEST_HOST = "$(BUILT_PRODUCTS_DIR)/test.app/test";
			};
			name = Debug;
		};
		2E0E341C210738440049C68B /* Release */ = {
			isa = XCBuildConfiguration;
			buildSettings = {
				BUNDLE_LOADER = "$(TEST_HOST)";
				CODE_SIGN_STYLE = Automatic;
				DEVELOPMENT_TEAM = 3ZUHH2H7M8;
				INFOPLIST_FILE = testTests/Info.plist;
				LD_RUNPATH_SEARCH_PATHS = "$(inherited) @executable_path/Frameworks @loader_path/Frameworks";
				PRODUCT_BUNDLE_IDENTIFIER = com.yn.testTests;
				PRODUCT_NAME = "$(TARGET_NAME)";
				TARGETED_DEVICE_FAMILY = "1,2";
				TEST_HOST = "$(BUILT_PRODUCTS_DIR)/test.app/test";
			};
			name = Release;
		};
		2E0E341E210738440049C68B /* Debug */ = {
			isa = XCBuildConfiguration;
			buildSettings = {
				CODE_SIGN_STYLE = Automatic;
				DEVELOPMENT_TEAM = 3ZUHH2H7M8;
				INFOPLIST_FILE = testUITests/Info.plist;
				LD_RUNPATH_SEARCH_PATHS = "$(inherited) @executable_path/Frameworks @loader_path/Frameworks";
				PRODUCT_BUNDLE_IDENTIFIER = com.yn.testUITests;
				PRODUCT_NAME = "$(TARGET_NAME)";
				TARGETED_DEVICE_FAMILY = "1,2";
				TEST_TARGET_NAME = test;
			};
			name = Debug;
		};
		2E0E341F210738440049C68B /* Release */ = {
			isa = XCBuildConfiguration;
			buildSettings = {
				CODE_SIGN_STYLE = Automatic;
				DEVELOPMENT_TEAM = 3ZUHH2H7M8;
				INFOPLIST_FILE = testUITests/Info.plist;
				LD_RUNPATH_SEARCH_PATHS = "$(inherited) @executable_path/Frameworks @loader_path/Frameworks";
				PRODUCT_BUNDLE_IDENTIFIER = com.yn.testUITests;
				PRODUCT_NAME = "$(TARGET_NAME)";
				TARGETED_DEVICE_FAMILY = "1,2";
				TEST_TARGET_NAME = test;
			};
			name = Release;
		};
/* End XCBuildConfiguration section */

/* Begin XCConfigurationList section */
		2E0E33E6210738440049C68B /* Build configuration list for PBXProject "test" */ = {
			isa = XCConfigurationList;
			buildConfigurations = (
				2E0E3415210738440049C68B /* Debug */,
				2E0E3416210738440049C68B /* Release */,
			);
			defaultConfigurationIsVisible = 0;
			defaultConfigurationName = Release;
		};
		2E0E3417210738440049C68B /* Build configuration list for PBXNativeTarget "test" */ = {
			isa = XCConfigurationList;
			buildConfigurations = (
				2E0E3418210738440049C68B /* Debug */,
				2E0E3419210738440049C68B /* Release */,
			);
			defaultConfigurationIsVisible = 0;
			defaultConfigurationName = Release;
		};
		2E0E341A210738440049C68B /* Build configuration list for PBXNativeTarget "testTests" */ = {
			isa = XCConfigurationList;
			buildConfigurations = (
				2E0E341B210738440049C68B /* Debug */,
				2E0E341C210738440049C68B /* Release */,
			);
			defaultConfigurationIsVisible = 0;
			defaultConfigurationName = Release;
		};
		2E0E341D210738440049C68B /* Build configuration list for PBXNativeTarget "testUITests" */ = {
			isa = XCConfigurationList;
			buildConfigurations = (
				2E0E341E210738440049C68B /* Debug */,
				2E0E341F210738440049C68B /* Release */,
			);
			defaultConfigurationIsVisible = 0;
			defaultConfigurationName = Release;
		};
/* End XCConfigurationList section */
	};
	rootObject = 2E0E33E3210738440049C68B /* Project object */;
}
