// !$*UTF8*$!
{
	archiveVersion = 1;
	classes = {
	};
	objectVersion = 50;
	objects = {

/* Begin PBXBuildFile section */
		2E2D967024473AFD00D2BF47 /* main.m in Sources */ = {isa = PBXBuildFile; fileRef = 2E2D966F24473AFD00D2BF47 /* main.m */; };
		2EA2D5F7244E908F0033EF53 /* CFVersion.c in Sources */ = {isa = PBXBuildFile; fileRef = 2EA2D556244E90870033EF53 /* CFVersion.c */; };
		2EA2D5F8244E908F0033EF53 /* CFStringEncodings.c in Sources */ = {isa = PBXBuildFile; fileRef = 2EA2D558244E90870033EF53 /* CFStringEncodings.c */; };
		2EA2D5F9244E908F0033EF53 /* CFSocket.c in Sources */ = {isa = PBXBuildFile; fileRef = 2EA2D55E244E90870033EF53 /* CFSocket.c */; };
		2EA2D5FA244E908F0033EF53 /* CFOldStylePList.c in Sources */ = {isa = PBXBuildFile; fileRef = 2EA2D560244E90870033EF53 /* CFOldStylePList.c */; };
		2EA2D5FB244E908F0033EF53 /* CFFileUtilities.c in Sources */ = {isa = PBXBuildFile; fileRef = 2EA2D561244E90870033EF53 /* CFFileUtilities.c */; };
		2EA2D5FC244E908F0033EF53 /* CFURL.c in Sources */ = {isa = PBXBuildFile; fileRef = 2EA2D565244E90870033EF53 /* CFURL.c */; };
		2EA2D5FD244E908F0033EF53 /* CFBundle_Strings.c in Sources */ = {isa = PBXBuildFile; fileRef = 2EA2D566244E90870033EF53 /* CFBundle_Strings.c */; };
		2EA2D5FE244E908F0033EF53 /* CFBase.c in Sources */ = {isa = PBXBuildFile; fileRef = 2EA2D567244E90870033EF53 /* CFBase.c */; };
		2EA2D5FF244E908F0033EF53 /* CFTree.c in Sources */ = {isa = PBXBuildFile; fileRef = 2EA2D568244E90870033EF53 /* CFTree.c */; };
		2EA2D600244E908F0033EF53 /* Makefile in Sources */ = {isa = PBXBuildFile; fileRef = 2EA2D569244E90870033EF53 /* Makefile */; };
		2EA2D601244E908F0033EF53 /* CFBinaryHeap.c in Sources */ = {isa = PBXBuildFile; fileRef = 2EA2D56A244E90870033EF53 /* CFBinaryHeap.c */; };
		2EA2D602244E908F0033EF53 /* CFBuiltinConverters.c in Sources */ = {isa = PBXBuildFile; fileRef = 2EA2D56F244E90880033EF53 /* CFBuiltinConverters.c */; };
		2EA2D603244E908F0033EF53 /* CFXMLNode.c in Sources */ = {isa = PBXBuildFile; fileRef = 2EA2D570244E90880033EF53 /* CFXMLNode.c */; };
		2EA2D604244E908F0033EF53 /* CFPlatform.c in Sources */ = {isa = PBXBuildFile; fileRef = 2EA2D571244E90880033EF53 /* CFPlatform.c */; };
		2EA2D605244E908F0033EF53 /* CFStringEncodingDatabase.c in Sources */ = {isa = PBXBuildFile; fileRef = 2EA2D573244E90880033EF53 /* CFStringEncodingDatabase.c */; };
		2EA2D606244E908F0033EF53 /* CFBasicHash.c in Sources */ = {isa = PBXBuildFile; fileRef = 2EA2D576244E90880033EF53 /* CFBasicHash.c */; };
		2EA2D607244E908F0033EF53 /* CFCharacterSet.c in Sources */ = {isa = PBXBuildFile; fileRef = 2EA2D577244E90880033EF53 /* CFCharacterSet.c */; };
		2EA2D608244E908F0033EF53 /* CFMachPort.c in Sources */ = {isa = PBXBuildFile; fileRef = 2EA2D578244E90880033EF53 /* CFMachPort.c */; };
		2EA2D609244E908F0033EF53 /* CFBundle_InfoPlist.c in Sources */ = {isa = PBXBuildFile; fileRef = 2EA2D579244E90880033EF53 /* CFBundle_InfoPlist.c */; };
		2EA2D60A244E908F0033EF53 /* CFConcreteStreams.c in Sources */ = {isa = PBXBuildFile; fileRef = 2EA2D57A244E90880033EF53 /* CFConcreteStreams.c */; };
		2EA2D60B244E908F0033EF53 /* CFPropertyList.c in Sources */ = {isa = PBXBuildFile; fileRef = 2EA2D57D244E90880033EF53 /* CFPropertyList.c */; };
		2EA2D60C244E908F0033EF53 /* CFStringUtilities.c in Sources */ = {isa = PBXBuildFile; fileRef = 2EA2D580244E90880033EF53 /* CFStringUtilities.c */; };
		2EA2D60D244E908F0033EF53 /* CFBundle_Locale.c in Sources */ = {isa = PBXBuildFile; fileRef = 2EA2D583244E90890033EF53 /* CFBundle_Locale.c */; };
		2EA2D60E244E908F0033EF53 /* CFBag.c in Sources */ = {isa = PBXBuildFile; fileRef = 2EA2D584244E90890033EF53 /* CFBag.c */; };
		2EA2D60F244E908F0033EF53 /* CFLocaleKeys.c in Sources */ = {isa = PBXBuildFile; fileRef = 2EA2D585244E90890033EF53 /* CFLocaleKeys.c */; };
		2EA2D610244E908F0033EF53 /* CFBundle_Binary.c in Sources */ = {isa = PBXBuildFile; fileRef = 2EA2D587244E90890033EF53 /* CFBundle_Binary.c */; };
		2EA2D611244E908F0033EF53 /* CFBurstTrie.c in Sources */ = {isa = PBXBuildFile; fileRef = 2EA2D58E244E90890033EF53 /* CFBurstTrie.c */; };
		2EA2D612244E908F0033EF53 /* CFBasicHashFindBucket.m in Sources */ = {isa = PBXBuildFile; fileRef = 2EA2D590244E90890033EF53 /* CFBasicHashFindBucket.m */; };
		2EA2D613244E908F0033EF53 /* CFRunLoop.c in Sources */ = {isa = PBXBuildFile; fileRef = 2EA2D591244E90890033EF53 /* CFRunLoop.c */; };
		2EA2D614244E908F0033EF53 /* CFUnicodePrecomposition.c in Sources */ = {isa = PBXBuildFile; fileRef = 2EA2D592244E90890033EF53 /* CFUnicodePrecomposition.c */; };
		2EA2D615244E908F0033EF53 /* CFSortFunctions.c in Sources */ = {isa = PBXBuildFile; fileRef = 2EA2D594244E90890033EF53 /* CFSortFunctions.c */; };
		2EA2D616244E908F0033EF53 /* CFXMLParser.c in Sources */ = {isa = PBXBuildFile; fileRef = 2EA2D59A244E908A0033EF53 /* CFXMLParser.c */; };
		2EA2D617244E908F0033EF53 /* CFError.c in Sources */ = {isa = PBXBuildFile; fileRef = 2EA2D59C244E908A0033EF53 /* CFError.c */; };
		2EA2D618244E908F0033EF53 /* CFPlatformConverters.c in Sources */ = {isa = PBXBuildFile; fileRef = 2EA2D5A0244E908A0033EF53 /* CFPlatformConverters.c */; };
		2EA2D619244E908F0033EF53 /* CFTimeZone.c in Sources */ = {isa = PBXBuildFile; fileRef = 2EA2D5A2244E908A0033EF53 /* CFTimeZone.c */; };
		2EA2D61A244E908F0033EF53 /* CFRuntime.c in Sources */ = {isa = PBXBuildFile; fileRef = 2EA2D5A3244E908A0033EF53 /* CFRuntime.c */; };
		2EA2D61B244E908F0033EF53 /* CFWindowsUtilities.c in Sources */ = {isa = PBXBuildFile; fileRef = 2EA2D5A5244E908A0033EF53 /* CFWindowsUtilities.c */; };
		2EA2D61C244E908F0033EF53 /* CFStorage.c in Sources */ = {isa = PBXBuildFile; fileRef = 2EA2D5A7244E908A0033EF53 /* CFStorage.c */; };
		2EA2D61D244E908F0033EF53 /* CFSystemDirectories.c in Sources */ = {isa = PBXBuildFile; fileRef = 2EA2D5A8244E908A0033EF53 /* CFSystemDirectories.c */; };
		2EA2D61E244E908F0033EF53 /* CFPreferences.c in Sources */ = {isa = PBXBuildFile; fileRef = 2EA2D5AB244E908B0033EF53 /* CFPreferences.c */; };
		2EA2D61F244E908F0033EF53 /* CFBinaryPList.c in Sources */ = {isa = PBXBuildFile; fileRef = 2EA2D5AC244E908B0033EF53 /* CFBinaryPList.c */; };
		2EA2D620244E908F0033EF53 /* CFPlugIn.c in Sources */ = {isa = PBXBuildFile; fileRef = 2EA2D5AD244E908B0033EF53 /* CFPlugIn.c */; };
		2EA2D621244E908F0033EF53 /* CFDictionary.c in Sources */ = {isa = PBXBuildFile; fileRef = 2EA2D5AE244E908B0033EF53 /* CFDictionary.c */; };
		2EA2D622244E908F0033EF53 /* CFURLAccess.c in Sources */ = {isa = PBXBuildFile; fileRef = 2EA2D5AF244E908B0033EF53 /* CFURLAccess.c */; };
		2EA2D623244E908F0033EF53 /* CFUserNotification.c in Sources */ = {isa = PBXBuildFile; fileRef = 2EA2D5B2244E908B0033EF53 /* CFUserNotification.c */; };
		2EA2D624244E908F0033EF53 /* CFBitVector.c in Sources */ = {isa = PBXBuildFile; fileRef = 2EA2D5B3244E908B0033EF53 /* CFBitVector.c */; };
		2EA2D625244E908F0033EF53 /* CFBundle_Resources.c in Sources */ = {isa = PBXBuildFile; fileRef = 2EA2D5B4244E908B0033EF53 /* CFBundle_Resources.c */; };
		2EA2D626244E908F0033EF53 /* CFStringScanner.c in Sources */ = {isa = PBXBuildFile; fileRef = 2EA2D5B6244E908B0033EF53 /* CFStringScanner.c */; };
		2EA2D627244E908F0033EF53 /* CFCalendar.c in Sources */ = {isa = PBXBuildFile; fileRef = 2EA2D5BA244E908B0033EF53 /* CFCalendar.c */; };
		2EA2D628244E908F0033EF53 /* CFDate.c in Sources */ = {isa = PBXBuildFile; fileRef = 2EA2D5BB244E908B0033EF53 /* CFDate.c */; };
		2EA2D629244E908F0033EF53 /* CFNumber.c in Sources */ = {isa = PBXBuildFile; fileRef = 2EA2D5BE244E908C0033EF53 /* CFNumber.c */; };
		2EA2D62A244E908F0033EF53 /* CFArray.c in Sources */ = {isa = PBXBuildFile; fileRef = 2EA2D5C0244E908C0033EF53 /* CFArray.c */; };
		2EA2D62B244E908F0033EF53 /* CFDateFormatter.c in Sources */ = {isa = PBXBuildFile; fileRef = 2EA2D5C1244E908C0033EF53 /* CFDateFormatter.c */; };
		2EA2D62C244E908F0033EF53 /* CFXMLTree.c in Sources */ = {isa = PBXBuildFile; fileRef = 2EA2D5C2244E908C0033EF53 /* CFXMLTree.c */; };
		2EA2D62D244E908F0033EF53 /* CFXMLPreferencesDomain.c in Sources */ = {isa = PBXBuildFile; fileRef = 2EA2D5C5244E908C0033EF53 /* CFXMLPreferencesDomain.c */; };
		2EA2D62E244E908F0033EF53 /* CFLocale.c in Sources */ = {isa = PBXBuildFile; fileRef = 2EA2D5CA244E908C0033EF53 /* CFLocale.c */; };
		2EA2D62F244E908F0033EF53 /* CFData.c in Sources */ = {isa = PBXBuildFile; fileRef = 2EA2D5CE244E908D0033EF53 /* CFData.c */; };
		2EA2D630244E908F0033EF53 /* CFUtilities.c in Sources */ = {isa = PBXBuildFile; fileRef = 2EA2D5CF244E908D0033EF53 /* CFUtilities.c */; };
		2EA2D631244E908F0033EF53 /* CFSet.c in Sources */ = {isa = PBXBuildFile; fileRef = 2EA2D5D1244E908D0033EF53 /* CFSet.c */; };
		2EA2D632244E908F0033EF53 /* CFNumberFormatter.c in Sources */ = {isa = PBXBuildFile; fileRef = 2EA2D5D2244E908D0033EF53 /* CFNumberFormatter.c */; };
		2EA2D633244E908F0033EF53 /* CFUnicodeDecomposition.c in Sources */ = {isa = PBXBuildFile; fileRef = 2EA2D5D3244E908D0033EF53 /* CFUnicodeDecomposition.c */; };
		2EA2D634244E908F0033EF53 /* CFStream.c in Sources */ = {isa = PBXBuildFile; fileRef = 2EA2D5D6244E908D0033EF53 /* CFStream.c */; };
		2EA2D635244E908F0033EF53 /* CFBigNumber.c in Sources */ = {isa = PBXBuildFile; fileRef = 2EA2D5DB244E908D0033EF53 /* CFBigNumber.c */; };
		2EA2D636244E908F0033EF53 /* CFStringEncodingConverter.c in Sources */ = {isa = PBXBuildFile; fileRef = 2EA2D5DC244E908D0033EF53 /* CFStringEncodingConverter.c */; };
		2EA2D637244E908F0033EF53 /* CFPlugIn_Factory.c in Sources */ = {isa = PBXBuildFile; fileRef = 2EA2D5DE244E908D0033EF53 /* CFPlugIn_Factory.c */; };
		2EA2D638244E908F0033EF53 /* CFPlugIn_Instance.c in Sources */ = {isa = PBXBuildFile; fileRef = 2EA2D5DF244E908E0033EF53 /* CFPlugIn_Instance.c */; };
		2EA2D639244E908F0033EF53 /* CFPlugIn_PlugIn.c in Sources */ = {isa = PBXBuildFile; fileRef = 2EA2D5E0244E908E0033EF53 /* CFPlugIn_PlugIn.c */; };
		2EA2D63A244E908F0033EF53 /* CFLocaleIdentifier.c in Sources */ = {isa = PBXBuildFile; fileRef = 2EA2D5E1244E908E0033EF53 /* CFLocaleIdentifier.c */; };
		2EA2D63B244E908F0033EF53 /* CFICUConverters.c in Sources */ = {isa = PBXBuildFile; fileRef = 2EA2D5E2244E908E0033EF53 /* CFICUConverters.c */; };
		2EA2D63C244E908F0033EF53 /* CFApplicationPreferences.c in Sources */ = {isa = PBXBuildFile; fileRef = 2EA2D5E6244E908E0033EF53 /* CFApplicationPreferences.c */; };
		2EA2D63D244E908F0033EF53 /* CFUUID.c in Sources */ = {isa = PBXBuildFile; fileRef = 2EA2D5E7244E908E0033EF53 /* CFUUID.c */; };
		2EA2D63E244E908F0033EF53 /* CFString.c in Sources */ = {isa = PBXBuildFile; fileRef = 2EA2D5E9244E908E0033EF53 /* CFString.c */; };
		2EA2D63F244E908F0033EF53 /* CFBundle.c in Sources */ = {isa = PBXBuildFile; fileRef = 2EA2D5EA244E908E0033EF53 /* CFBundle.c */; };
		2EA2D640244E908F0033EF53 /* CFXMLInputStream.c in Sources */ = {isa = PBXBuildFile; fileRef = 2EA2D5EC244E908E0033EF53 /* CFXMLInputStream.c */; };
		2EA2D641244E908F0033EF53 /* CFBundle_Grok.c in Sources */ = {isa = PBXBuildFile; fileRef = 2EA2D5ED244E908E0033EF53 /* CFBundle_Grok.c */; };
		2EA2D642244E908F0033EF53 /* CFUniChar.c in Sources */ = {isa = PBXBuildFile; fileRef = 2EA2D5EE244E908E0033EF53 /* CFUniChar.c */; };
		2EA2D643244E908F0033EF53 /* CFMessagePort.c in Sources */ = {isa = PBXBuildFile; fileRef = 2EA2D5F0244E908E0033EF53 /* CFMessagePort.c */; };
		2EA2D644244E908F0033EF53 /* plconvert.c in Sources */ = {isa = PBXBuildFile; fileRef = 2EA2D5F2244E908F0033EF53 /* plconvert.c */; };
		2EA2D645244E908F0033EF53 /* CFSocketStream.c in Sources */ = {isa = PBXBuildFile; fileRef = 2EA2D5F6244E908F0033EF53 /* CFSocketStream.c */; };
/* End PBXBuildFile section */

/* Begin PBXCopyFilesBuildPhase section */
		2E2D966A24473AFD00D2BF47 /* CopyFiles */ = {
			isa = PBXCopyFilesBuildPhase;
			buildActionMask = 2147483647;
			dstPath = /usr/share/man/man1/;
			dstSubfolderSpec = 0;
			files = (
			);
			runOnlyForDeploymentPostprocessing = 1;
		};
/* End PBXCopyFilesBuildPhase section */

/* Begin PBXFileReference section */
		2E2D966C24473AFD00D2BF47 /* test */ = {isa = PBXFileReference; explicitFileType = "compiled.mach-o.executable"; includeInIndex = 0; path = test; sourceTree = BUILT_PRODUCTS_DIR; };
		2E2D966F24473AFD00D2BF47 /* main.m */ = {isa = PBXFileReference; lastKnownFileType = sourcecode.c.objc; path = main.m; sourceTree = "<group>"; };
		2EA2D553244E90870033EF53 /* CFSocket.h */ = {isa = PBXFileReference; fileEncoding = 4; lastKnownFileType = sourcecode.c.h; path = CFSocket.h; sourceTree = "<group>"; };
		2EA2D554244E90870033EF53 /* CFMessagePort.h */ = {isa = PBXFileReference; fileEncoding = 4; lastKnownFileType = sourcecode.c.h; path = CFMessagePort.h; sourceTree = "<group>"; };
		2EA2D555244E90870033EF53 /* CFNumberFormatter.h */ = {isa = PBXFileReference; fileEncoding = 4; lastKnownFileType = sourcecode.c.h; path = CFNumberFormatter.h; sourceTree = "<group>"; };
		2EA2D556244E90870033EF53 /* CFVersion.c */ = {isa = PBXFileReference; fileEncoding = 4; lastKnownFileType = sourcecode.c.c; path = CFVersion.c; sourceTree = "<group>"; };
		2EA2D557244E90870033EF53 /* CFError.h */ = {isa = PBXFileReference; fileEncoding = 4; lastKnownFileType = sourcecode.c.h; path = CFError.h; sourceTree = "<group>"; };
		2EA2D558244E90870033EF53 /* CFStringEncodings.c */ = {isa = PBXFileReference; fileEncoding = 4; lastKnownFileType = sourcecode.c.c; path = CFStringEncodings.c; sourceTree = "<group>"; };
		2EA2D559244E90870033EF53 /* ForFoundationOnly.h */ = {isa = PBXFileReference; fileEncoding = 4; lastKnownFileType = sourcecode.c.h; path = ForFoundationOnly.h; sourceTree = "<group>"; };
		2EA2D55A244E90870033EF53 /* MakefileVersion */ = {isa = PBXFileReference; fileEncoding = 4; lastKnownFileType = text; path = MakefileVersion; sourceTree = "<group>"; };
		2EA2D55B244E90870033EF53 /* CFXMLInputStream.h */ = {isa = PBXFileReference; fileEncoding = 4; lastKnownFileType = sourcecode.c.h; path = CFXMLInputStream.h; sourceTree = "<group>"; };
		2EA2D55C244E90870033EF53 /* CFUnicodeDecomposition.h */ = {isa = PBXFileReference; fileEncoding = 4; lastKnownFileType = sourcecode.c.h; path = CFUnicodeDecomposition.h; sourceTree = "<group>"; };
		2EA2D55D244E90870033EF53 /* CFStringEncodingConverterPriv.h */ = {isa = PBXFileReference; fileEncoding = 4; lastKnownFileType = sourcecode.c.h; path = CFStringEncodingConverterPriv.h; sourceTree = "<group>"; };
		2EA2D55E244E90870033EF53 /* CFSocket.c */ = {isa = PBXFileReference; fileEncoding = 4; lastKnownFileType = sourcecode.c.c; path = CFSocket.c; sourceTree = "<group>"; };
		2EA2D55F244E90870033EF53 /* CFURL.h */ = {isa = PBXFileReference; fileEncoding = 4; lastKnownFileType = sourcecode.c.h; path = CFURL.h; sourceTree = "<group>"; };
		2EA2D560244E90870033EF53 /* CFOldStylePList.c */ = {isa = PBXFileReference; fileEncoding = 4; lastKnownFileType = sourcecode.c.c; path = CFOldStylePList.c; sourceTree = "<group>"; };
		2EA2D561244E90870033EF53 /* CFFileUtilities.c */ = {isa = PBXFileReference; fileEncoding = 4; lastKnownFileType = sourcecode.c.c; path = CFFileUtilities.c; sourceTree = "<group>"; };
		2EA2D562244E90870033EF53 /* CFBase.h */ = {isa = PBXFileReference; fileEncoding = 4; lastKnownFileType = sourcecode.c.h; path = CFBase.h; sourceTree = "<group>"; };
		2EA2D563244E90870033EF53 /* CFLocaleInternal.h */ = {isa = PBXFileReference; fileEncoding = 4; lastKnownFileType = sourcecode.c.h; path = CFLocaleInternal.h; sourceTree = "<group>"; };
		2EA2D564244E90870033EF53 /* CFLogUtilities.h */ = {isa = PBXFileReference; fileEncoding = 4; lastKnownFileType = sourcecode.c.h; path = CFLogUtilities.h; sourceTree = "<group>"; };
		2EA2D565244E90870033EF53 /* CFURL.c */ = {isa = PBXFileReference; fileEncoding = 4; lastKnownFileType = sourcecode.c.c; path = CFURL.c; sourceTree = "<group>"; };
		2EA2D566244E90870033EF53 /* CFBundle_Strings.c */ = {isa = PBXFileReference; fileEncoding = 4; lastKnownFileType = sourcecode.c.c; path = CFBundle_Strings.c; sourceTree = "<group>"; };
		2EA2D567244E90870033EF53 /* CFBase.c */ = {isa = PBXFileReference; fileEncoding = 4; lastKnownFileType = sourcecode.c.c; path = CFBase.c; sourceTree = "<group>"; };
		2EA2D568244E90870033EF53 /* CFTree.c */ = {isa = PBXFileReference; fileEncoding = 4; lastKnownFileType = sourcecode.c.c; path = CFTree.c; sourceTree = "<group>"; };
		2EA2D569244E90870033EF53 /* Makefile */ = {isa = PBXFileReference; fileEncoding = 4; lastKnownFileType = sourcecode.make; path = Makefile; sourceTree = "<group>"; };
		2EA2D56A244E90870033EF53 /* CFBinaryHeap.c */ = {isa = PBXFileReference; fileEncoding = 4; lastKnownFileType = sourcecode.c.c; path = CFBinaryHeap.c; sourceTree = "<group>"; };
		2EA2D56B244E90880033EF53 /* CFStorage.h */ = {isa = PBXFileReference; fileEncoding = 4; lastKnownFileType = sourcecode.c.h; path = CFStorage.h; sourceTree = "<group>"; };
		2EA2D56C244E90880033EF53 /* CFUniCharPriv.h */ = {isa = PBXFileReference; fileEncoding = 4; lastKnownFileType = sourcecode.c.h; path = CFUniCharPriv.h; sourceTree = "<group>"; };
		2EA2D56D244E90880033EF53 /* CFBigNumber.h */ = {isa = PBXFileReference; fileEncoding = 4; lastKnownFileType = sourcecode.c.h; path = CFBigNumber.h; sourceTree = "<group>"; };
		2EA2D56E244E90880033EF53 /* CFStream.h */ = {isa = PBXFileReference; fileEncoding = 4; lastKnownFileType = sourcecode.c.h; path = CFStream.h; sourceTree = "<group>"; };
		2EA2D56F244E90880033EF53 /* CFBuiltinConverters.c */ = {isa = PBXFileReference; fileEncoding = 4; lastKnownFileType = sourcecode.c.c; path = CFBuiltinConverters.c; sourceTree = "<group>"; };
		2EA2D570244E90880033EF53 /* CFXMLNode.c */ = {isa = PBXFileReference; fileEncoding = 4; lastKnownFileType = sourcecode.c.c; path = CFXMLNode.c; sourceTree = "<group>"; };
		2EA2D571244E90880033EF53 /* CFPlatform.c */ = {isa = PBXFileReference; fileEncoding = 4; lastKnownFileType = sourcecode.c.c; path = CFPlatform.c; sourceTree = "<group>"; };
		2EA2D572244E90880033EF53 /* CFByteOrder.h */ = {isa = PBXFileReference; fileEncoding = 4; lastKnownFileType = sourcecode.c.h; path = CFByteOrder.h; sourceTree = "<group>"; };
		2EA2D573244E90880033EF53 /* CFStringEncodingDatabase.c */ = {isa = PBXFileReference; fileEncoding = 4; lastKnownFileType = sourcecode.c.c; path = CFStringEncodingDatabase.c; sourceTree = "<group>"; };
		2EA2D574244E90880033EF53 /* CFBitVector.h */ = {isa = PBXFileReference; fileEncoding = 4; lastKnownFileType = sourcecode.c.h; path = CFBitVector.h; sourceTree = "<group>"; };
		2EA2D575244E90880033EF53 /* CFBundle.h */ = {isa = PBXFileReference; fileEncoding = 4; lastKnownFileType = sourcecode.c.h; path = CFBundle.h; sourceTree = "<group>"; };
		2EA2D576244E90880033EF53 /* CFBasicHash.c */ = {isa = PBXFileReference; fileEncoding = 4; lastKnownFileType = sourcecode.c.c; path = CFBasicHash.c; sourceTree = "<group>"; };
		2EA2D577244E90880033EF53 /* CFCharacterSet.c */ = {isa = PBXFileReference; fileEncoding = 4; lastKnownFileType = sourcecode.c.c; path = CFCharacterSet.c; sourceTree = "<group>"; };
		2EA2D578244E90880033EF53 /* CFMachPort.c */ = {isa = PBXFileReference; fileEncoding = 4; lastKnownFileType = sourcecode.c.c; path = CFMachPort.c; sourceTree = "<group>"; };
		2EA2D579244E90880033EF53 /* CFBundle_InfoPlist.c */ = {isa = PBXFileReference; fileEncoding = 4; lastKnownFileType = sourcecode.c.c; path = CFBundle_InfoPlist.c; sourceTree = "<group>"; };
		2EA2D57A244E90880033EF53 /* CFConcreteStreams.c */ = {isa = PBXFileReference; fileEncoding = 4; lastKnownFileType = sourcecode.c.c; path = CFConcreteStreams.c; sourceTree = "<group>"; };
		2EA2D57B244E90880033EF53 /* CFNumber.h */ = {isa = PBXFileReference; fileEncoding = 4; lastKnownFileType = sourcecode.c.h; path = CFNumber.h; sourceTree = "<group>"; };
		2EA2D57C244E90880033EF53 /* CFBundle_BinaryTypes.h */ = {isa = PBXFileReference; fileEncoding = 4; lastKnownFileType = sourcecode.c.h; path = CFBundle_BinaryTypes.h; sourceTree = "<group>"; };
		2EA2D57D244E90880033EF53 /* CFPropertyList.c */ = {isa = PBXFileReference; fileEncoding = 4; lastKnownFileType = sourcecode.c.c; path = CFPropertyList.c; sourceTree = "<group>"; };
		2EA2D57E244E90880033EF53 /* CFStringEncodingConverterExt.h */ = {isa = PBXFileReference; fileEncoding = 4; lastKnownFileType = sourcecode.c.h; path = CFStringEncodingConverterExt.h; sourceTree = "<group>"; };
		2EA2D57F244E90880033EF53 /* CFStringEncodingExt.h */ = {isa = PBXFileReference; fileEncoding = 4; lastKnownFileType = sourcecode.c.h; path = CFStringEncodingExt.h; sourceTree = "<group>"; };
		2EA2D580244E90880033EF53 /* CFStringUtilities.c */ = {isa = PBXFileReference; fileEncoding = 4; lastKnownFileType = sourcecode.c.c; path = CFStringUtilities.c; sourceTree = "<group>"; };
		2EA2D581244E90890033EF53 /* CFBasicHash.h */ = {isa = PBXFileReference; fileEncoding = 4; lastKnownFileType = sourcecode.c.h; path = CFBasicHash.h; sourceTree = "<group>"; };
		2EA2D582244E90890033EF53 /* CoreFoundation_Prefix.h */ = {isa = PBXFileReference; fileEncoding = 4; lastKnownFileType = sourcecode.c.h; path = CoreFoundation_Prefix.h; sourceTree = "<group>"; };
		2EA2D583244E90890033EF53 /* CFBundle_Locale.c */ = {isa = PBXFileReference; fileEncoding = 4; lastKnownFileType = sourcecode.c.c; path = CFBundle_Locale.c; sourceTree = "<group>"; };
		2EA2D584244E90890033EF53 /* CFBag.c */ = {isa = PBXFileReference; fileEncoding = 4; lastKnownFileType = sourcecode.c.c; path = CFBag.c; sourceTree = "<group>"; };
		2EA2D585244E90890033EF53 /* CFLocaleKeys.c */ = {isa = PBXFileReference; fileEncoding = 4; lastKnownFileType = sourcecode.c.c; path = CFLocaleKeys.c; sourceTree = "<group>"; };
		2EA2D586244E90890033EF53 /* CFDate.h */ = {isa = PBXFileReference; fileEncoding = 4; lastKnownFileType = sourcecode.c.h; path = CFDate.h; sourceTree = "<group>"; };
		2EA2D587244E90890033EF53 /* CFBundle_Binary.c */ = {isa = PBXFileReference; fileEncoding = 4; lastKnownFileType = sourcecode.c.c; path = CFBundle_Binary.c; sourceTree = "<group>"; };
		2EA2D588244E90890033EF53 /* CFStreamInternal.h */ = {isa = PBXFileReference; fileEncoding = 4; lastKnownFileType = sourcecode.c.h; path = CFStreamInternal.h; sourceTree = "<group>"; };
		2EA2D589244E90890033EF53 /* CFUserNotification.h */ = {isa = PBXFileReference; fileEncoding = 4; lastKnownFileType = sourcecode.c.h; path = CFUserNotification.h; sourceTree = "<group>"; };
		2EA2D58A244E90890033EF53 /* CFArray.h */ = {isa = PBXFileReference; fileEncoding = 4; lastKnownFileType = sourcecode.c.h; path = CFArray.h; sourceTree = "<group>"; };
		2EA2D58B244E90890033EF53 /* CFICUConverters.h */ = {isa = PBXFileReference; fileEncoding = 4; lastKnownFileType = sourcecode.c.h; path = CFICUConverters.h; sourceTree = "<group>"; };
		2EA2D58C244E90890033EF53 /* CFRuntime.h */ = {isa = PBXFileReference; fileEncoding = 4; lastKnownFileType = sourcecode.c.h; path = CFRuntime.h; sourceTree = "<group>"; };
		2EA2D58D244E90890033EF53 /* CoreFoundation.h */ = {isa = PBXFileReference; fileEncoding = 4; lastKnownFileType = sourcecode.c.h; path = CoreFoundation.h; sourceTree = "<group>"; };
		2EA2D58E244E90890033EF53 /* CFBurstTrie.c */ = {isa = PBXFileReference; fileEncoding = 4; lastKnownFileType = sourcecode.c.c; path = CFBurstTrie.c; sourceTree = "<group>"; };
		2EA2D58F244E90890033EF53 /* CFCharacterSetPriv.h */ = {isa = PBXFileReference; fileEncoding = 4; lastKnownFileType = sourcecode.c.h; path = CFCharacterSetPriv.h; sourceTree = "<group>"; };
		2EA2D590244E90890033EF53 /* CFBasicHashFindBucket.m */ = {isa = PBXFileReference; fileEncoding = 4; lastKnownFileType = sourcecode.c.objc; path = CFBasicHashFindBucket.m; sourceTree = "<group>"; };
		2EA2D591244E90890033EF53 /* CFRunLoop.c */ = {isa = PBXFileReference; fileEncoding = 4; lastKnownFileType = sourcecode.c.c; path = CFRunLoop.c; sourceTree = "<group>"; };
		2EA2D592244E90890033EF53 /* CFUnicodePrecomposition.c */ = {isa = PBXFileReference; fileEncoding = 4; lastKnownFileType = sourcecode.c.c; path = CFUnicodePrecomposition.c; sourceTree = "<group>"; };
		2EA2D593244E90890033EF53 /* TargetConditionals.h */ = {isa = PBXFileReference; fileEncoding = 4; lastKnownFileType = sourcecode.c.h; path = TargetConditionals.h; sourceTree = "<group>"; };
		2EA2D594244E90890033EF53 /* CFSortFunctions.c */ = {isa = PBXFileReference; fileEncoding = 4; lastKnownFileType = sourcecode.c.c; path = CFSortFunctions.c; sourceTree = "<group>"; };
		2EA2D595244E908A0033EF53 /* CFBag.h */ = {isa = PBXFileReference; fileEncoding = 4; lastKnownFileType = sourcecode.c.h; path = CFBag.h; sourceTree = "<group>"; };
		2EA2D596244E908A0033EF53 /* CFUtilities.h */ = {isa = PBXFileReference; fileEncoding = 4; lastKnownFileType = sourcecode.c.h; path = CFUtilities.h; sourceTree = "<group>"; };
		2EA2D597244E908A0033EF53 /* CFRunLoop.h */ = {isa = PBXFileReference; fileEncoding = 4; lastKnownFileType = sourcecode.c.h; path = CFRunLoop.h; sourceTree = "<group>"; };
		2EA2D598244E908A0033EF53 /* CFPlugInCOM.h */ = {isa = PBXFileReference; fileEncoding = 4; lastKnownFileType = sourcecode.c.h; path = CFPlugInCOM.h; sourceTree = "<group>"; };
		2EA2D599244E908A0033EF53 /* CFAvailability.h */ = {isa = PBXFileReference; fileEncoding = 4; lastKnownFileType = sourcecode.c.h; path = CFAvailability.h; sourceTree = "<group>"; };
		2EA2D59A244E908A0033EF53 /* CFXMLParser.c */ = {isa = PBXFileReference; fileEncoding = 4; lastKnownFileType = sourcecode.c.c; path = CFXMLParser.c; sourceTree = "<group>"; };
		2EA2D59B244E908A0033EF53 /* CFError_Private.h */ = {isa = PBXFileReference; fileEncoding = 4; lastKnownFileType = sourcecode.c.h; path = CFError_Private.h; sourceTree = "<group>"; };
		2EA2D59C244E908A0033EF53 /* CFError.c */ = {isa = PBXFileReference; fileEncoding = 4; lastKnownFileType = sourcecode.c.c; path = CFError.c; sourceTree = "<group>"; };
		2EA2D59D244E908A0033EF53 /* CFStringDefaultEncoding.h */ = {isa = PBXFileReference; fileEncoding = 4; lastKnownFileType = sourcecode.c.h; path = CFStringDefaultEncoding.h; sourceTree = "<group>"; };
		2EA2D59E244E908A0033EF53 /* CFUniChar.h */ = {isa = PBXFileReference; fileEncoding = 4; lastKnownFileType = sourcecode.c.h; path = CFUniChar.h; sourceTree = "<group>"; };
		2EA2D59F244E908A0033EF53 /* CFPlugIn_Factory.h */ = {isa = PBXFileReference; fileEncoding = 4; lastKnownFileType = sourcecode.c.h; path = CFPlugIn_Factory.h; sourceTree = "<group>"; };
		2EA2D5A0244E908A0033EF53 /* CFPlatformConverters.c */ = {isa = PBXFileReference; fileEncoding = 4; lastKnownFileType = sourcecode.c.c; path = CFPlatformConverters.c; sourceTree = "<group>"; };
		2EA2D5A1244E908A0033EF53 /* CFStreamPriv.h */ = {isa = PBXFileReference; fileEncoding = 4; lastKnownFileType = sourcecode.c.h; path = CFStreamPriv.h; sourceTree = "<group>"; };
		2EA2D5A2244E908A0033EF53 /* CFTimeZone.c */ = {isa = PBXFileReference; fileEncoding = 4; lastKnownFileType = sourcecode.c.c; path = CFTimeZone.c; sourceTree = "<group>"; };
		2EA2D5A3244E908A0033EF53 /* CFRuntime.c */ = {isa = PBXFileReference; fileEncoding = 4; lastKnownFileType = sourcecode.c.c; path = CFRuntime.c; sourceTree = "<group>"; };
		2EA2D5A4244E908A0033EF53 /* CFPreferences.h */ = {isa = PBXFileReference; fileEncoding = 4; lastKnownFileType = sourcecode.c.h; path = CFPreferences.h; sourceTree = "<group>"; };
		2EA2D5A5244E908A0033EF53 /* CFWindowsUtilities.c */ = {isa = PBXFileReference; fileEncoding = 4; lastKnownFileType = sourcecode.c.c; path = CFWindowsUtilities.c; sourceTree = "<group>"; };
		2EA2D5A6244E908A0033EF53 /* CFBurstTrie.h */ = {isa = PBXFileReference; fileEncoding = 4; lastKnownFileType = sourcecode.c.h; path = CFBurstTrie.h; sourceTree = "<group>"; };
		2EA2D5A7244E908A0033EF53 /* CFStorage.c */ = {isa = PBXFileReference; fileEncoding = 4; lastKnownFileType = sourcecode.c.c; path = CFStorage.c; sourceTree = "<group>"; };
		2EA2D5A8244E908A0033EF53 /* CFSystemDirectories.c */ = {isa = PBXFileReference; fileEncoding = 4; lastKnownFileType = sourcecode.c.c; path = CFSystemDirectories.c; sourceTree = "<group>"; };
		2EA2D5A9244E908B0033EF53 /* CFXMLParser.h */ = {isa = PBXFileReference; fileEncoding = 4; lastKnownFileType = sourcecode.c.h; path = CFXMLParser.h; sourceTree = "<group>"; };
		2EA2D5AA244E908B0033EF53 /* CFICULogging.h */ = {isa = PBXFileReference; fileEncoding = 4; lastKnownFileType = sourcecode.c.h; path = CFICULogging.h; sourceTree = "<group>"; };
		2EA2D5AB244E908B0033EF53 /* CFPreferences.c */ = {isa = PBXFileReference; fileEncoding = 4; lastKnownFileType = sourcecode.c.c; path = CFPreferences.c; sourceTree = "<group>"; };
		2EA2D5AC244E908B0033EF53 /* CFBinaryPList.c */ = {isa = PBXFileReference; fileEncoding = 4; lastKnownFileType = sourcecode.c.c; path = CFBinaryPList.c; sourceTree = "<group>"; };
		2EA2D5AD244E908B0033EF53 /* CFPlugIn.c */ = {isa = PBXFileReference; fileEncoding = 4; lastKnownFileType = sourcecode.c.c; path = CFPlugIn.c; sourceTree = "<group>"; };
		2EA2D5AE244E908B0033EF53 /* CFDictionary.c */ = {isa = PBXFileReference; fileEncoding = 4; lastKnownFileType = sourcecode.c.c; path = CFDictionary.c; sourceTree = "<group>"; };
		2EA2D5AF244E908B0033EF53 /* CFURLAccess.c */ = {isa = PBXFileReference; fileEncoding = 4; lastKnownFileType = sourcecode.c.c; path = CFURLAccess.c; sourceTree = "<group>"; };
		2EA2D5B0244E908B0033EF53 /* CFPropertyList.h */ = {isa = PBXFileReference; fileEncoding = 4; lastKnownFileType = sourcecode.c.h; path = CFPropertyList.h; sourceTree = "<group>"; };
		2EA2D5B1244E908B0033EF53 /* CFURLAccess.h */ = {isa = PBXFileReference; fileEncoding = 4; lastKnownFileType = sourcecode.c.h; path = CFURLAccess.h; sourceTree = "<group>"; };
		2EA2D5B2244E908B0033EF53 /* CFUserNotification.c */ = {isa = PBXFileReference; fileEncoding = 4; lastKnownFileType = sourcecode.c.c; path = CFUserNotification.c; sourceTree = "<group>"; };
		2EA2D5B3244E908B0033EF53 /* CFBitVector.c */ = {isa = PBXFileReference; fileEncoding = 4; lastKnownFileType = sourcecode.c.c; path = CFBitVector.c; sourceTree = "<group>"; };
		2EA2D5B4244E908B0033EF53 /* CFBundle_Resources.c */ = {isa = PBXFileReference; fileEncoding = 4; lastKnownFileType = sourcecode.c.c; path = CFBundle_Resources.c; sourceTree = "<group>"; };
		2EA2D5B5244E908B0033EF53 /* CFLocale.h */ = {isa = PBXFileReference; fileEncoding = 4; lastKnownFileType = sourcecode.c.h; path = CFLocale.h; sourceTree = "<group>"; };
		2EA2D5B6244E908B0033EF53 /* CFStringScanner.c */ = {isa = PBXFileReference; fileEncoding = 4; lastKnownFileType = sourcecode.c.c; path = CFStringScanner.c; sourceTree = "<group>"; };
		2EA2D5B7244E908B0033EF53 /* CFTree.h */ = {isa = PBXFileReference; fileEncoding = 4; lastKnownFileType = sourcecode.c.h; path = CFTree.h; sourceTree = "<group>"; };
		2EA2D5B8244E908B0033EF53 /* CFTimeZone.h */ = {isa = PBXFileReference; fileEncoding = 4; lastKnownFileType = sourcecode.c.h; path = CFTimeZone.h; sourceTree = "<group>"; };
		2EA2D5B9244E908B0033EF53 /* CFData.h */ = {isa = PBXFileReference; fileEncoding = 4; lastKnownFileType = sourcecode.c.h; path = CFData.h; sourceTree = "<group>"; };
		2EA2D5BA244E908B0033EF53 /* CFCalendar.c */ = {isa = PBXFileReference; fileEncoding = 4; lastKnownFileType = sourcecode.c.c; path = CFCalendar.c; sourceTree = "<group>"; };
		2EA2D5BB244E908B0033EF53 /* CFDate.c */ = {isa = PBXFileReference; fileEncoding = 4; lastKnownFileType = sourcecode.c.c; path = CFDate.c; sourceTree = "<group>"; };
		2EA2D5BC244E908C0033EF53 /* CFBinaryHeap.h */ = {isa = PBXFileReference; fileEncoding = 4; lastKnownFileType = sourcecode.c.h; path = CFBinaryHeap.h; sourceTree = "<group>"; };
		2EA2D5BD244E908C0033EF53 /* CFCharacterSetBitmaps.bitmap */ = {isa = PBXFileReference; lastKnownFileType = file; path = CFCharacterSetBitmaps.bitmap; sourceTree = "<group>"; };
		2EA2D5BE244E908C0033EF53 /* CFNumber.c */ = {isa = PBXFileReference; fileEncoding = 4; lastKnownFileType = sourcecode.c.c; path = CFNumber.c; sourceTree = "<group>"; };
		2EA2D5BF244E908C0033EF53 /* APPLE_LICENSE */ = {isa = PBXFileReference; fileEncoding = 4; lastKnownFileType = text; path = APPLE_LICENSE; sourceTree = "<group>"; };
		2EA2D5C0244E908C0033EF53 /* CFArray.c */ = {isa = PBXFileReference; fileEncoding = 4; lastKnownFileType = sourcecode.c.c; path = CFArray.c; sourceTree = "<group>"; };
		2EA2D5C1244E908C0033EF53 /* CFDateFormatter.c */ = {isa = PBXFileReference; fileEncoding = 4; lastKnownFileType = sourcecode.c.c; path = CFDateFormatter.c; sourceTree = "<group>"; };
		2EA2D5C2244E908C0033EF53 /* CFXMLTree.c */ = {isa = PBXFileReference; fileEncoding = 4; lastKnownFileType = sourcecode.c.c; path = CFXMLTree.c; sourceTree = "<group>"; };
		2EA2D5C3244E908C0033EF53 /* CFUnicodeData-B.mapping */ = {isa = PBXFileReference; lastKnownFileType = file; path = "CFUnicodeData-B.mapping"; sourceTree = "<group>"; };
		2EA2D5C4244E908C0033EF53 /* CFXMLNode.h */ = {isa = PBXFileReference; fileEncoding = 4; lastKnownFileType = sourcecode.c.h; path = CFXMLNode.h; sourceTree = "<group>"; };
		2EA2D5C5244E908C0033EF53 /* CFXMLPreferencesDomain.c */ = {isa = PBXFileReference; fileEncoding = 4; lastKnownFileType = sourcecode.c.c; path = CFXMLPreferencesDomain.c; sourceTree = "<group>"; };
		2EA2D5C6244E908C0033EF53 /* CFSet.h */ = {isa = PBXFileReference; fileEncoding = 4; lastKnownFileType = sourcecode.c.h; path = CFSet.h; sourceTree = "<group>"; };
		2EA2D5C7244E908C0033EF53 /* PropertyList.dtd */ = {isa = PBXFileReference; fileEncoding = 4; lastKnownFileType = text.xml; path = PropertyList.dtd; sourceTree = "<group>"; };
		2EA2D5C8244E908C0033EF53 /* CFDateFormatter.h */ = {isa = PBXFileReference; fileEncoding = 4; lastKnownFileType = sourcecode.c.h; path = CFDateFormatter.h; sourceTree = "<group>"; };
		2EA2D5C9244E908C0033EF53 /* CFUUID.h */ = {isa = PBXFileReference; fileEncoding = 4; lastKnownFileType = sourcecode.c.h; path = CFUUID.h; sourceTree = "<group>"; };
		2EA2D5CA244E908C0033EF53 /* CFLocale.c */ = {isa = PBXFileReference; fileEncoding = 4; lastKnownFileType = sourcecode.c.c; path = CFLocale.c; sourceTree = "<group>"; };
		2EA2D5CB244E908D0033EF53 /* CFString.h */ = {isa = PBXFileReference; fileEncoding = 4; lastKnownFileType = sourcecode.c.h; path = CFString.h; sourceTree = "<group>"; };
		2EA2D5CC244E908D0033EF53 /* CFPriv.h */ = {isa = PBXFileReference; fileEncoding = 4; lastKnownFileType = sourcecode.c.h; path = CFPriv.h; sourceTree = "<group>"; };
		2EA2D5CD244E908D0033EF53 /* CFURL.inc.h */ = {isa = PBXFileReference; fileEncoding = 4; lastKnownFileType = sourcecode.c.h; path = CFURL.inc.h; sourceTree = "<group>"; };
		2EA2D5CE244E908D0033EF53 /* CFData.c */ = {isa = PBXFileReference; fileEncoding = 4; lastKnownFileType = sourcecode.c.c; path = CFData.c; sourceTree = "<group>"; };
		2EA2D5CF244E908D0033EF53 /* CFUtilities.c */ = {isa = PBXFileReference; fileEncoding = 4; lastKnownFileType = sourcecode.c.c; path = CFUtilities.c; sourceTree = "<group>"; };
		2EA2D5D0244E908D0033EF53 /* README_CFLITE */ = {isa = PBXFileReference; fileEncoding = 4; lastKnownFileType = text; path = README_CFLITE; sourceTree = "<group>"; };
		2EA2D5D1244E908D0033EF53 /* CFSet.c */ = {isa = PBXFileReference; fileEncoding = 4; lastKnownFileType = sourcecode.c.c; path = CFSet.c; sourceTree = "<group>"; };
		2EA2D5D2244E908D0033EF53 /* CFNumberFormatter.c */ = {isa = PBXFileReference; fileEncoding = 4; lastKnownFileType = sourcecode.c.c; path = CFNumberFormatter.c; sourceTree = "<group>"; };
		2EA2D5D3244E908D0033EF53 /* CFUnicodeDecomposition.c */ = {isa = PBXFileReference; fileEncoding = 4; lastKnownFileType = sourcecode.c.c; path = CFUnicodeDecomposition.c; sourceTree = "<group>"; };
		2EA2D5D4244E908D0033EF53 /* CFUnicodePrecomposition.h */ = {isa = PBXFileReference; fileEncoding = 4; lastKnownFileType = sourcecode.c.h; path = CFUnicodePrecomposition.h; sourceTree = "<group>"; };
		2EA2D5D5244E908D0033EF53 /* CFDictionary.h */ = {isa = PBXFileReference; fileEncoding = 4; lastKnownFileType = sourcecode.c.h; path = CFDictionary.h; sourceTree = "<group>"; };
		2EA2D5D6244E908D0033EF53 /* CFStream.c */ = {isa = PBXFileReference; fileEncoding = 4; lastKnownFileType = sourcecode.c.c; path = CFStream.c; sourceTree = "<group>"; };
		2EA2D5D7244E908D0033EF53 /* CFCalendar.h */ = {isa = PBXFileReference; fileEncoding = 4; lastKnownFileType = sourcecode.c.h; path = CFCalendar.h; sourceTree = "<group>"; };
		2EA2D5D8244E908D0033EF53 /* CFStreamAbstract.h */ = {isa = PBXFileReference; fileEncoding = 4; lastKnownFileType = sourcecode.c.h; path = CFStreamAbstract.h; sourceTree = "<group>"; };
		2EA2D5D9244E908D0033EF53 /* CFURLPriv.h */ = {isa = PBXFileReference; fileEncoding = 4; lastKnownFileType = sourcecode.c.h; path = CFURLPriv.h; sourceTree = "<group>"; };
		2EA2D5DA244E908D0033EF53 /* CFBundle_Internal.h */ = {isa = PBXFileReference; fileEncoding = 4; lastKnownFileType = sourcecode.c.h; path = CFBundle_Internal.h; sourceTree = "<group>"; };
		2EA2D5DB244E908D0033EF53 /* CFBigNumber.c */ = {isa = PBXFileReference; fileEncoding = 4; lastKnownFileType = sourcecode.c.c; path = CFBigNumber.c; sourceTree = "<group>"; };
		2EA2D5DC244E908D0033EF53 /* CFStringEncodingConverter.c */ = {isa = PBXFileReference; fileEncoding = 4; lastKnownFileType = sourcecode.c.c; path = CFStringEncodingConverter.c; sourceTree = "<group>"; };
		2EA2D5DD244E908D0033EF53 /* CFBundlePriv.h */ = {isa = PBXFileReference; fileEncoding = 4; lastKnownFileType = sourcecode.c.h; path = CFBundlePriv.h; sourceTree = "<group>"; };
		2EA2D5DE244E908D0033EF53 /* CFPlugIn_Factory.c */ = {isa = PBXFileReference; fileEncoding = 4; lastKnownFileType = sourcecode.c.c; path = CFPlugIn_Factory.c; sourceTree = "<group>"; };
		2EA2D5DF244E908E0033EF53 /* CFPlugIn_Instance.c */ = {isa = PBXFileReference; fileEncoding = 4; lastKnownFileType = sourcecode.c.c; path = CFPlugIn_Instance.c; sourceTree = "<group>"; };
		2EA2D5E0244E908E0033EF53 /* CFPlugIn_PlugIn.c */ = {isa = PBXFileReference; fileEncoding = 4; lastKnownFileType = sourcecode.c.c; path = CFPlugIn_PlugIn.c; sourceTree = "<group>"; };
		2EA2D5E1244E908E0033EF53 /* CFLocaleIdentifier.c */ = {isa = PBXFileReference; fileEncoding = 4; lastKnownFileType = sourcecode.c.c; path = CFLocaleIdentifier.c; sourceTree = "<group>"; };
		2EA2D5E2244E908E0033EF53 /* CFICUConverters.c */ = {isa = PBXFileReference; fileEncoding = 4; lastKnownFileType = sourcecode.c.c; path = CFICUConverters.c; sourceTree = "<group>"; };
		2EA2D5E3244E908E0033EF53 /* CFStringEncodingDatabase.h */ = {isa = PBXFileReference; fileEncoding = 4; lastKnownFileType = sourcecode.c.h; path = CFStringEncodingDatabase.h; sourceTree = "<group>"; };
		2EA2D5E4244E908E0033EF53 /* MakefileLinux */ = {isa = PBXFileReference; fileEncoding = 4; lastKnownFileType = text; path = MakefileLinux; sourceTree = "<group>"; };
		2EA2D5E5244E908E0033EF53 /* SymbolAliases */ = {isa = PBXFileReference; fileEncoding = 4; lastKnownFileType = text; path = SymbolAliases; sourceTree = "<group>"; };
		2EA2D5E6244E908E0033EF53 /* CFApplicationPreferences.c */ = {isa = PBXFileReference; fileEncoding = 4; lastKnownFileType = sourcecode.c.c; path = CFApplicationPreferences.c; sourceTree = "<group>"; };
		2EA2D5E7244E908E0033EF53 /* CFUUID.c */ = {isa = PBXFileReference; fileEncoding = 4; lastKnownFileType = sourcecode.c.c; path = CFUUID.c; sourceTree = "<group>"; };
		2EA2D5E8244E908E0033EF53 /* CFStringEncodingConverter.h */ = {isa = PBXFileReference; fileEncoding = 4; lastKnownFileType = sourcecode.c.h; path = CFStringEncodingConverter.h; sourceTree = "<group>"; };
		2EA2D5E9244E908E0033EF53 /* CFString.c */ = {isa = PBXFileReference; fileEncoding = 4; lastKnownFileType = sourcecode.c.c; path = CFString.c; sourceTree = "<group>"; };
		2EA2D5EA244E908E0033EF53 /* CFBundle.c */ = {isa = PBXFileReference; fileEncoding = 4; lastKnownFileType = sourcecode.c.c; path = CFBundle.c; sourceTree = "<group>"; };
		2EA2D5EB244E908E0033EF53 /* CFUnicodeData-L.mapping */ = {isa = PBXFileReference; lastKnownFileType = file; path = "CFUnicodeData-L.mapping"; sourceTree = "<group>"; };
		2EA2D5EC244E908E0033EF53 /* CFXMLInputStream.c */ = {isa = PBXFileReference; fileEncoding = 4; lastKnownFileType = sourcecode.c.c; path = CFXMLInputStream.c; sourceTree = "<group>"; };
		2EA2D5ED244E908E0033EF53 /* CFBundle_Grok.c */ = {isa = PBXFileReference; fileEncoding = 4; lastKnownFileType = sourcecode.c.c; path = CFBundle_Grok.c; sourceTree = "<group>"; };
		2EA2D5EE244E908E0033EF53 /* CFUniChar.c */ = {isa = PBXFileReference; fileEncoding = 4; lastKnownFileType = sourcecode.c.c; path = CFUniChar.c; sourceTree = "<group>"; };
		2EA2D5EF244E908E0033EF53 /* CFInternal.h */ = {isa = PBXFileReference; fileEncoding = 4; lastKnownFileType = sourcecode.c.h; path = CFInternal.h; sourceTree = "<group>"; };
		2EA2D5F0244E908E0033EF53 /* CFMessagePort.c */ = {isa = PBXFileReference; fileEncoding = 4; lastKnownFileType = sourcecode.c.c; path = CFMessagePort.c; sourceTree = "<group>"; };
		2EA2D5F1244E908E0033EF53 /* CFUniCharPropertyDatabase.data */ = {isa = PBXFileReference; lastKnownFileType = file; path = CFUniCharPropertyDatabase.data; sourceTree = "<group>"; };
		2EA2D5F2244E908F0033EF53 /* plconvert.c */ = {isa = PBXFileReference; fileEncoding = 4; lastKnownFileType = sourcecode.c.c; path = plconvert.c; sourceTree = "<group>"; };
		2EA2D5F3244E908F0033EF53 /* CFPlugIn.h */ = {isa = PBXFileReference; fileEncoding = 4; lastKnownFileType = sourcecode.c.h; path = CFPlugIn.h; sourceTree = "<group>"; };
		2EA2D5F4244E908F0033EF53 /* CFCharacterSet.h */ = {isa = PBXFileReference; fileEncoding = 4; lastKnownFileType = sourcecode.c.h; path = CFCharacterSet.h; sourceTree = "<group>"; };
		2EA2D5F5244E908F0033EF53 /* CFMachPort.h */ = {isa = PBXFileReference; fileEncoding = 4; lastKnownFileType = sourcecode.c.h; path = CFMachPort.h; sourceTree = "<group>"; };
		2EA2D5F6244E908F0033EF53 /* CFSocketStream.c */ = {isa = PBXFileReference; fileEncoding = 4; lastKnownFileType = sourcecode.c.c; path = CFSocketStream.c; sourceTree = "<group>"; };
/* End PBXFileReference section */

/* Begin PBXFrameworksBuildPhase section */
		2E2D966924473AFD00D2BF47 /* Frameworks */ = {
			isa = PBXFrameworksBuildPhase;
			buildActionMask = 2147483647;
			files = (
			);
			runOnlyForDeploymentPostprocessing = 0;
		};
/* End PBXFrameworksBuildPhase section */

/* Begin PBXGroup section */
		2E2D966324473AFD00D2BF47 = {
			isa = PBXGroup;
			children = (
				2E2D966E24473AFD00D2BF47 /* test */,
				2E2D966D24473AFD00D2BF47 /* Products */,
			);
			sourceTree = "<group>";
		};
		2E2D966D24473AFD00D2BF47 /* Products */ = {
			isa = PBXGroup;
			children = (
				2E2D966C24473AFD00D2BF47 /* test */,
			);
			name = Products;
			sourceTree = "<group>";
		};
		2E2D966E24473AFD00D2BF47 /* test */ = {
			isa = PBXGroup;
			children = (
				2EA2D5BF244E908C0033EF53 /* APPLE_LICENSE */,
				2EA2D5E6244E908E0033EF53 /* CFApplicationPreferences.c */,
				2EA2D5C0244E908C0033EF53 /* CFArray.c */,
				2EA2D58A244E90890033EF53 /* CFArray.h */,
				2EA2D599244E908A0033EF53 /* CFAvailability.h */,
				2EA2D584244E90890033EF53 /* CFBag.c */,
				2EA2D595244E908A0033EF53 /* CFBag.h */,
				2EA2D567244E90870033EF53 /* CFBase.c */,
				2EA2D562244E90870033EF53 /* CFBase.h */,
				2EA2D576244E90880033EF53 /* CFBasicHash.c */,
				2EA2D581244E90890033EF53 /* CFBasicHash.h */,
				2EA2D590244E90890033EF53 /* CFBasicHashFindBucket.m */,
				2EA2D5DB244E908D0033EF53 /* CFBigNumber.c */,
				2EA2D56D244E90880033EF53 /* CFBigNumber.h */,
				2EA2D56A244E90870033EF53 /* CFBinaryHeap.c */,
				2EA2D5BC244E908C0033EF53 /* CFBinaryHeap.h */,
				2EA2D5AC244E908B0033EF53 /* CFBinaryPList.c */,
				2EA2D5B3244E908B0033EF53 /* CFBitVector.c */,
				2EA2D574244E90880033EF53 /* CFBitVector.h */,
				2EA2D56F244E90880033EF53 /* CFBuiltinConverters.c */,
				2EA2D587244E90890033EF53 /* CFBundle_Binary.c */,
				2EA2D57C244E90880033EF53 /* CFBundle_BinaryTypes.h */,
				2EA2D5ED244E908E0033EF53 /* CFBundle_Grok.c */,
				2EA2D579244E90880033EF53 /* CFBundle_InfoPlist.c */,
				2EA2D5DA244E908D0033EF53 /* CFBundle_Internal.h */,
				2EA2D583244E90890033EF53 /* CFBundle_Locale.c */,
				2EA2D5B4244E908B0033EF53 /* CFBundle_Resources.c */,
				2EA2D566244E90870033EF53 /* CFBundle_Strings.c */,
				2EA2D5EA244E908E0033EF53 /* CFBundle.c */,
				2EA2D575244E90880033EF53 /* CFBundle.h */,
				2EA2D5DD244E908D0033EF53 /* CFBundlePriv.h */,
				2EA2D58E244E90890033EF53 /* CFBurstTrie.c */,
				2EA2D5A6244E908A0033EF53 /* CFBurstTrie.h */,
				2EA2D572244E90880033EF53 /* CFByteOrder.h */,
				2EA2D5BA244E908B0033EF53 /* CFCalendar.c */,
				2EA2D5D7244E908D0033EF53 /* CFCalendar.h */,
				2EA2D577244E90880033EF53 /* CFCharacterSet.c */,
				2EA2D5F4244E908F0033EF53 /* CFCharacterSet.h */,
				2EA2D5BD244E908C0033EF53 /* CFCharacterSetBitmaps.bitmap */,
				2EA2D58F244E90890033EF53 /* CFCharacterSetPriv.h */,
				2EA2D57A244E90880033EF53 /* CFConcreteStreams.c */,
				2EA2D5CE244E908D0033EF53 /* CFData.c */,
				2EA2D5B9244E908B0033EF53 /* CFData.h */,
				2EA2D5BB244E908B0033EF53 /* CFDate.c */,
				2EA2D586244E90890033EF53 /* CFDate.h */,
				2EA2D5C1244E908C0033EF53 /* CFDateFormatter.c */,
				2EA2D5C8244E908C0033EF53 /* CFDateFormatter.h */,
				2EA2D5AE244E908B0033EF53 /* CFDictionary.c */,
				2EA2D5D5244E908D0033EF53 /* CFDictionary.h */,
				2EA2D59B244E908A0033EF53 /* CFError_Private.h */,
				2EA2D59C244E908A0033EF53 /* CFError.c */,
				2EA2D557244E90870033EF53 /* CFError.h */,
				2EA2D561244E90870033EF53 /* CFFileUtilities.c */,
				2EA2D5E2244E908E0033EF53 /* CFICUConverters.c */,
				2EA2D58B244E90890033EF53 /* CFICUConverters.h */,
				2EA2D5AA244E908B0033EF53 /* CFICULogging.h */,
				2EA2D5EF244E908E0033EF53 /* CFInternal.h */,
				2EA2D5CA244E908C0033EF53 /* CFLocale.c */,
				2EA2D5B5244E908B0033EF53 /* CFLocale.h */,
				2EA2D5E1244E908E0033EF53 /* CFLocaleIdentifier.c */,
				2EA2D563244E90870033EF53 /* CFLocaleInternal.h */,
				2EA2D585244E90890033EF53 /* CFLocaleKeys.c */,
				2EA2D564244E90870033EF53 /* CFLogUtilities.h */,
				2EA2D578244E90880033EF53 /* CFMachPort.c */,
				2EA2D5F5244E908F0033EF53 /* CFMachPort.h */,
				2EA2D5F0244E908E0033EF53 /* CFMessagePort.c */,
				2EA2D554244E90870033EF53 /* CFMessagePort.h */,
				2EA2D5BE244E908C0033EF53 /* CFNumber.c */,
				2EA2D57B244E90880033EF53 /* CFNumber.h */,
				2EA2D5D2244E908D0033EF53 /* CFNumberFormatter.c */,
				2EA2D555244E90870033EF53 /* CFNumberFormatter.h */,
				2EA2D560244E90870033EF53 /* CFOldStylePList.c */,
				2EA2D571244E90880033EF53 /* CFPlatform.c */,
				2EA2D5A0244E908A0033EF53 /* CFPlatformConverters.c */,
				2EA2D5DE244E908D0033EF53 /* CFPlugIn_Factory.c */,
				2EA2D59F244E908A0033EF53 /* CFPlugIn_Factory.h */,
				2EA2D5DF244E908E0033EF53 /* CFPlugIn_Instance.c */,
				2EA2D5E0244E908E0033EF53 /* CFPlugIn_PlugIn.c */,
				2EA2D5AD244E908B0033EF53 /* CFPlugIn.c */,
				2EA2D5F3244E908F0033EF53 /* CFPlugIn.h */,
				2EA2D598244E908A0033EF53 /* CFPlugInCOM.h */,
				2EA2D5AB244E908B0033EF53 /* CFPreferences.c */,
				2EA2D5A4244E908A0033EF53 /* CFPreferences.h */,
				2EA2D5CC244E908D0033EF53 /* CFPriv.h */,
				2EA2D57D244E90880033EF53 /* CFPropertyList.c */,
				2EA2D5B0244E908B0033EF53 /* CFPropertyList.h */,
				2EA2D591244E90890033EF53 /* CFRunLoop.c */,
				2EA2D597244E908A0033EF53 /* CFRunLoop.h */,
				2EA2D5A3244E908A0033EF53 /* CFRuntime.c */,
				2EA2D58C244E90890033EF53 /* CFRuntime.h */,
				2EA2D5D1244E908D0033EF53 /* CFSet.c */,
				2EA2D5C6244E908C0033EF53 /* CFSet.h */,
				2EA2D55E244E90870033EF53 /* CFSocket.c */,
				2EA2D553244E90870033EF53 /* CFSocket.h */,
				2EA2D5F6244E908F0033EF53 /* CFSocketStream.c */,
				2EA2D594244E90890033EF53 /* CFSortFunctions.c */,
				2EA2D5A7244E908A0033EF53 /* CFStorage.c */,
				2EA2D56B244E90880033EF53 /* CFStorage.h */,
				2EA2D5D6244E908D0033EF53 /* CFStream.c */,
				2EA2D56E244E90880033EF53 /* CFStream.h */,
				2EA2D5D8244E908D0033EF53 /* CFStreamAbstract.h */,
				2EA2D588244E90890033EF53 /* CFStreamInternal.h */,
				2EA2D5A1244E908A0033EF53 /* CFStreamPriv.h */,
				2EA2D5E9244E908E0033EF53 /* CFString.c */,
				2EA2D5CB244E908D0033EF53 /* CFString.h */,
				2EA2D59D244E908A0033EF53 /* CFStringDefaultEncoding.h */,
				2EA2D5DC244E908D0033EF53 /* CFStringEncodingConverter.c */,
				2EA2D5E8244E908E0033EF53 /* CFStringEncodingConverter.h */,
				2EA2D57E244E90880033EF53 /* CFStringEncodingConverterExt.h */,
				2EA2D55D244E90870033EF53 /* CFStringEncodingConverterPriv.h */,
				2EA2D573244E90880033EF53 /* CFStringEncodingDatabase.c */,
				2EA2D5E3244E908E0033EF53 /* CFStringEncodingDatabase.h */,
				2EA2D57F244E90880033EF53 /* CFStringEncodingExt.h */,
				2EA2D558244E90870033EF53 /* CFStringEncodings.c */,
				2EA2D5B6244E908B0033EF53 /* CFStringScanner.c */,
				2EA2D580244E90880033EF53 /* CFStringUtilities.c */,
				2EA2D5A8244E908A0033EF53 /* CFSystemDirectories.c */,
				2EA2D5A2244E908A0033EF53 /* CFTimeZone.c */,
				2EA2D5B8244E908B0033EF53 /* CFTimeZone.h */,
				2EA2D568244E90870033EF53 /* CFTree.c */,
				2EA2D5B7244E908B0033EF53 /* CFTree.h */,
				2EA2D5EE244E908E0033EF53 /* CFUniChar.c */,
				2EA2D59E244E908A0033EF53 /* CFUniChar.h */,
				2EA2D56C244E90880033EF53 /* CFUniCharPriv.h */,
				2EA2D5F1244E908E0033EF53 /* CFUniCharPropertyDatabase.data */,
				2EA2D5C3244E908C0033EF53 /* CFUnicodeData-B.mapping */,
				2EA2D5EB244E908E0033EF53 /* CFUnicodeData-L.mapping */,
				2EA2D5D3244E908D0033EF53 /* CFUnicodeDecomposition.c */,
				2EA2D55C244E90870033EF53 /* CFUnicodeDecomposition.h */,
				2EA2D592244E90890033EF53 /* CFUnicodePrecomposition.c */,
				2EA2D5D4244E908D0033EF53 /* CFUnicodePrecomposition.h */,
				2EA2D565244E90870033EF53 /* CFURL.c */,
				2EA2D55F244E90870033EF53 /* CFURL.h */,
				2EA2D5CD244E908D0033EF53 /* CFURL.inc.h */,
				2EA2D5AF244E908B0033EF53 /* CFURLAccess.c */,
				2EA2D5B1244E908B0033EF53 /* CFURLAccess.h */,
				2EA2D5D9244E908D0033EF53 /* CFURLPriv.h */,
				2EA2D5B2244E908B0033EF53 /* CFUserNotification.c */,
				2EA2D589244E90890033EF53 /* CFUserNotification.h */,
				2EA2D5CF244E908D0033EF53 /* CFUtilities.c */,
				2EA2D596244E908A0033EF53 /* CFUtilities.h */,
				2EA2D5E7244E908E0033EF53 /* CFUUID.c */,
				2EA2D5C9244E908C0033EF53 /* CFUUID.h */,
				2EA2D556244E90870033EF53 /* CFVersion.c */,
				2EA2D5A5244E908A0033EF53 /* CFWindowsUtilities.c */,
				2EA2D5EC244E908E0033EF53 /* CFXMLInputStream.c */,
				2EA2D55B244E90870033EF53 /* CFXMLInputStream.h */,
				2EA2D570244E90880033EF53 /* CFXMLNode.c */,
				2EA2D5C4244E908C0033EF53 /* CFXMLNode.h */,
				2EA2D59A244E908A0033EF53 /* CFXMLParser.c */,
				2EA2D5A9244E908B0033EF53 /* CFXMLParser.h */,
				2EA2D5C5244E908C0033EF53 /* CFXMLPreferencesDomain.c */,
				2EA2D5C2244E908C0033EF53 /* CFXMLTree.c */,
				2EA2D582244E90890033EF53 /* CoreFoundation_Prefix.h */,
				2EA2D58D244E90890033EF53 /* CoreFoundation.h */,
				2EA2D559244E90870033EF53 /* ForFoundationOnly.h */,
				2E2D966F24473AFD00D2BF47 /* main.m */,
				2EA2D569244E90870033EF53 /* Makefile */,
				2EA2D5E4244E908E0033EF53 /* MakefileLinux */,
				2EA2D55A244E90870033EF53 /* MakefileVersion */,
				2EA2D5F2244E908F0033EF53 /* plconvert.c */,
				2EA2D5C7244E908C0033EF53 /* PropertyList.dtd */,
				2EA2D5D0244E908D0033EF53 /* README_CFLITE */,
				2EA2D5E5244E908E0033EF53 /* SymbolAliases */,
				2EA2D593244E90890033EF53 /* TargetConditionals.h */,
			);
			path = test;
			sourceTree = "<group>";
		};
/* End PBXGroup section */

/* Begin PBXNativeTarget section */
		2E2D966B24473AFD00D2BF47 /* test */ = {
			isa = PBXNativeTarget;
			buildConfigurationList = 2E2D967324473AFD00D2BF47 /* Build configuration list for PBXNativeTarget "test" */;
			buildPhases = (
				2E2D966824473AFD00D2BF47 /* Sources */,
				2E2D966924473AFD00D2BF47 /* Frameworks */,
				2E2D966A24473AFD00D2BF47 /* CopyFiles */,
			);
			buildRules = (
			);
			dependencies = (
			);
			name = test;
			productName = test;
			productReference = 2E2D966C24473AFD00D2BF47 /* test */;
			productType = "com.apple.product-type.tool";
		};
/* End PBXNativeTarget section */

/* Begin PBXProject section */
		2E2D966424473AFD00D2BF47 /* Project object */ = {
			isa = PBXProject;
			attributes = {
				LastUpgradeCheck = 1130;
				ORGANIZATIONNAME = zhengyongneng;
				TargetAttributes = {
					2E2D966B24473AFD00D2BF47 = {
						CreatedOnToolsVersion = 11.3;
					};
				};
			};
			buildConfigurationList = 2E2D966724473AFD00D2BF47 /* Build configuration list for PBXProject "test" */;
			compatibilityVersion = "Xcode 9.3";
			developmentRegion = en;
			hasScannedForEncodings = 0;
			knownRegions = (
				en,
				Base,
			);
			mainGroup = 2E2D966324473AFD00D2BF47;
			productRefGroup = 2E2D966D24473AFD00D2BF47 /* Products */;
			projectDirPath = "";
			projectRoot = "";
			targets = (
				2E2D966B24473AFD00D2BF47 /* test */,
			);
		};
/* End PBXProject section */

/* Begin PBXSourcesBuildPhase section */
		2E2D966824473AFD00D2BF47 /* Sources */ = {
			isa = PBXSourcesBuildPhase;
			buildActionMask = 2147483647;
			files = (
				2EA2D640244E908F0033EF53 /* CFXMLInputStream.c in Sources */,
				2EA2D623244E908F0033EF53 /* CFUserNotification.c in Sources */,
				2EA2D629244E908F0033EF53 /* CFNumber.c in Sources */,
				2EA2D5FF244E908F0033EF53 /* CFTree.c in Sources */,
				2EA2D602244E908F0033EF53 /* CFBuiltinConverters.c in Sources */,
				2EA2D60C244E908F0033EF53 /* CFStringUtilities.c in Sources */,
				2EA2D636244E908F0033EF53 /* CFStringEncodingConverter.c in Sources */,
				2EA2D603244E908F0033EF53 /* CFXMLNode.c in Sources */,
				2EA2D609244E908F0033EF53 /* CFBundle_InfoPlist.c in Sources */,
				2EA2D5FA244E908F0033EF53 /* CFOldStylePList.c in Sources */,
				2E2D967024473AFD00D2BF47 /* main.m in Sources */,
				2EA2D62B244E908F0033EF53 /* CFDateFormatter.c in Sources */,
				2EA2D60E244E908F0033EF53 /* CFBag.c in Sources */,
				2EA2D618244E908F0033EF53 /* CFPlatformConverters.c in Sources */,
				2EA2D61D244E908F0033EF53 /* CFSystemDirectories.c in Sources */,
				2EA2D61B244E908F0033EF53 /* CFWindowsUtilities.c in Sources */,
				2EA2D601244E908F0033EF53 /* CFBinaryHeap.c in Sources */,
				2EA2D643244E908F0033EF53 /* CFMessagePort.c in Sources */,
				2EA2D600244E908F0033EF53 /* Makefile in Sources */,
				2EA2D63D244E908F0033EF53 /* CFUUID.c in Sources */,
				2EA2D626244E908F0033EF53 /* CFStringScanner.c in Sources */,
				2EA2D605244E908F0033EF53 /* CFStringEncodingDatabase.c in Sources */,
				2EA2D5F9244E908F0033EF53 /* CFSocket.c in Sources */,
				2EA2D619244E908F0033EF53 /* CFTimeZone.c in Sources */,
				2EA2D63F244E908F0033EF53 /* CFBundle.c in Sources */,
				2EA2D62E244E908F0033EF53 /* CFLocale.c in Sources */,
				2EA2D631244E908F0033EF53 /* CFSet.c in Sources */,
				2EA2D638244E908F0033EF53 /* CFPlugIn_Instance.c in Sources */,
				2EA2D628244E908F0033EF53 /* CFDate.c in Sources */,
				2EA2D616244E908F0033EF53 /* CFXMLParser.c in Sources */,
				2EA2D62A244E908F0033EF53 /* CFArray.c in Sources */,
				2EA2D645244E908F0033EF53 /* CFSocketStream.c in Sources */,
				2EA2D63A244E908F0033EF53 /* CFLocaleIdentifier.c in Sources */,
				2EA2D637244E908F0033EF53 /* CFPlugIn_Factory.c in Sources */,
				2EA2D625244E908F0033EF53 /* CFBundle_Resources.c in Sources */,
				2EA2D615244E908F0033EF53 /* CFSortFunctions.c in Sources */,
				2EA2D621244E908F0033EF53 /* CFDictionary.c in Sources */,
				2EA2D613244E908F0033EF53 /* CFRunLoop.c in Sources */,
				2EA2D608244E908F0033EF53 /* CFMachPort.c in Sources */,
				2EA2D614244E908F0033EF53 /* CFUnicodePrecomposition.c in Sources */,
				2EA2D62F244E908F0033EF53 /* CFData.c in Sources */,
				2EA2D60D244E908F0033EF53 /* CFBundle_Locale.c in Sources */,
				2EA2D627244E908F0033EF53 /* CFCalendar.c in Sources */,
				2EA2D635244E908F0033EF53 /* CFBigNumber.c in Sources */,
				2EA2D642244E908F0033EF53 /* CFUniChar.c in Sources */,
				2EA2D620244E908F0033EF53 /* CFPlugIn.c in Sources */,
				2EA2D61F244E908F0033EF53 /* CFBinaryPList.c in Sources */,
				2EA2D604244E908F0033EF53 /* CFPlatform.c in Sources */,
				2EA2D611244E908F0033EF53 /* CFBurstTrie.c in Sources */,
				2EA2D632244E908F0033EF53 /* CFNumberFormatter.c in Sources */,
				2EA2D63E244E908F0033EF53 /* CFString.c in Sources */,
				2EA2D60A244E908F0033EF53 /* CFConcreteStreams.c in Sources */,
				2EA2D639244E908F0033EF53 /* CFPlugIn_PlugIn.c in Sources */,
				2EA2D5FB244E908F0033EF53 /* CFFileUtilities.c in Sources */,
				2EA2D5F8244E908F0033EF53 /* CFStringEncodings.c in Sources */,
				2EA2D624244E908F0033EF53 /* CFBitVector.c in Sources */,
				2EA2D630244E908F0033EF53 /* CFUtilities.c in Sources */,
				2EA2D612244E908F0033EF53 /* CFBasicHashFindBucket.m in Sources */,
				2EA2D63B244E908F0033EF53 /* CFICUConverters.c in Sources */,
				2EA2D634244E908F0033EF53 /* CFStream.c in Sources */,
				2EA2D5FC244E908F0033EF53 /* CFURL.c in Sources */,
				2EA2D610244E908F0033EF53 /* CFBundle_Binary.c in Sources */,
				2EA2D61E244E908F0033EF53 /* CFPreferences.c in Sources */,
				2EA2D606244E908F0033EF53 /* CFBasicHash.c in Sources */,
				2EA2D60F244E908F0033EF53 /* CFLocaleKeys.c in Sources */,
				2EA2D62D244E908F0033EF53 /* CFXMLPreferencesDomain.c in Sources */,
				2EA2D60B244E908F0033EF53 /* CFPropertyList.c in Sources */,
				2EA2D61A244E908F0033EF53 /* CFRuntime.c in Sources */,
				2EA2D641244E908F0033EF53 /* CFBundle_Grok.c in Sources */,
				2EA2D622244E908F0033EF53 /* CFURLAccess.c in Sources */,
				2EA2D62C244E908F0033EF53 /* CFXMLTree.c in Sources */,
				2EA2D644244E908F0033EF53 /* plconvert.c in Sources */,
				2EA2D61C244E908F0033EF53 /* CFStorage.c in Sources */,
				2EA2D633244E908F0033EF53 /* CFUnicodeDecomposition.c in Sources */,
				2EA2D5F7244E908F0033EF53 /* CFVersion.c in Sources */,
				2EA2D5FD244E908F0033EF53 /* CFBundle_Strings.c in Sources */,
				2EA2D5FE244E908F0033EF53 /* CFBase.c in Sources */,
				2EA2D607244E908F0033EF53 /* CFCharacterSet.c in Sources */,
				2EA2D63C244E908F0033EF53 /* CFApplicationPreferences.c in Sources */,
				2EA2D617244E908F0033EF53 /* CFError.c in Sources */,
			);
			runOnlyForDeploymentPostprocessing = 0;
		};
/* End PBXSourcesBuildPhase section */

/* Begin XCBuildConfiguration section */
		2E2D967124473AFD00D2BF47 /* Debug */ = {
			isa = XCBuildConfiguration;
			buildSettings = {
				ALWAYS_SEARCH_USER_PATHS = NO;
				CLANG_ANALYZER_NONNULL = YES;
				CLANG_ANALYZER_NUMBER_OBJECT_CONVERSION = YES_AGGRESSIVE;
				CLANG_CXX_LANGUAGE_STANDARD = "gnu++14";
				CLANG_CXX_LIBRARY = "libc++";
				CLANG_ENABLE_MODULES = YES;
				CLANG_ENABLE_OBJC_ARC = YES;
				CLANG_ENABLE_OBJC_WEAK = YES;
				CLANG_WARN_BLOCK_CAPTURE_AUTORELEASING = YES;
				CLANG_WARN_BOOL_CONVERSION = YES;
				CLANG_WARN_COMMA = YES;
				CLANG_WARN_CONSTANT_CONVERSION = YES;
				CLANG_WARN_DEPRECATED_OBJC_IMPLEMENTATIONS = YES;
				CLANG_WARN_DIRECT_OBJC_ISA_USAGE = YES_ERROR;
				CLANG_WARN_DOCUMENTATION_COMMENTS = YES;
				CLANG_WARN_EMPTY_BODY = YES;
				CLANG_WARN_ENUM_CONVERSION = YES;
				CLANG_WARN_INFINITE_RECURSION = YES;
				CLANG_WARN_INT_CONVERSION = YES;
				CLANG_WARN_NON_LITERAL_NULL_CONVERSION = YES;
				CLANG_WARN_OBJC_IMPLICIT_RETAIN_SELF = YES;
				CLANG_WARN_OBJC_LITERAL_CONVERSION = YES;
				CLANG_WARN_OBJC_ROOT_CLASS = YES_ERROR;
				CLANG_WARN_RANGE_LOOP_ANALYSIS = YES;
				CLANG_WARN_STRICT_PROTOTYPES = YES;
				CLANG_WARN_SUSPICIOUS_MOVE = YES;
				CLANG_WARN_UNGUARDED_AVAILABILITY = YES_AGGRESSIVE;
				CLANG_WARN_UNREACHABLE_CODE = YES;
				CLANG_WARN__DUPLICATE_METHOD_MATCH = YES;
				COPY_PHASE_STRIP = NO;
				DEBUG_INFORMATION_FORMAT = dwarf;
				ENABLE_STRICT_OBJC_MSGSEND = YES;
				ENABLE_TESTABILITY = YES;
				GCC_C_LANGUAGE_STANDARD = gnu11;
				GCC_DYNAMIC_NO_PIC = NO;
				GCC_NO_COMMON_BLOCKS = YES;
				GCC_OPTIMIZATION_LEVEL = 0;
				GCC_PREPROCESSOR_DEFINITIONS = (
					"DEBUG=1",
					"$(inherited)",
				);
				GCC_WARN_64_TO_32_BIT_CONVERSION = YES;
				GCC_WARN_ABOUT_RETURN_TYPE = YES_ERROR;
				GCC_WARN_UNDECLARED_SELECTOR = YES;
				GCC_WARN_UNINITIALIZED_AUTOS = YES_AGGRESSIVE;
				GCC_WARN_UNUSED_FUNCTION = YES;
				GCC_WARN_UNUSED_VARIABLE = YES;
				MACOSX_DEPLOYMENT_TARGET = 10.14;
				MTL_ENABLE_DEBUG_INFO = INCLUDE_SOURCE;
				MTL_FAST_MATH = YES;
				ONLY_ACTIVE_ARCH = YES;
				SDKROOT = macosx;
			};
			name = Debug;
		};
		2E2D967224473AFD00D2BF47 /* Release */ = {
			isa = XCBuildConfiguration;
			buildSettings = {
				ALWAYS_SEARCH_USER_PATHS = NO;
				CLANG_ANALYZER_NONNULL = YES;
				CLANG_ANALYZER_NUMBER_OBJECT_CONVERSION = YES_AGGRESSIVE;
				CLANG_CXX_LANGUAGE_STANDARD = "gnu++14";
				CLANG_CXX_LIBRARY = "libc++";
				CLANG_ENABLE_MODULES = YES;
				CLANG_ENABLE_OBJC_ARC = YES;
				CLANG_ENABLE_OBJC_WEAK = YES;
				CLANG_WARN_BLOCK_CAPTURE_AUTORELEASING = YES;
				CLANG_WARN_BOOL_CONVERSION = YES;
				CLANG_WARN_COMMA = YES;
				CLANG_WARN_CONSTANT_CONVERSION = YES;
				CLANG_WARN_DEPRECATED_OBJC_IMPLEMENTATIONS = YES;
				CLANG_WARN_DIRECT_OBJC_ISA_USAGE = YES_ERROR;
				CLANG_WARN_DOCUMENTATION_COMMENTS = YES;
				CLANG_WARN_EMPTY_BODY = YES;
				CLANG_WARN_ENUM_CONVERSION = YES;
				CLANG_WARN_INFINITE_RECURSION = YES;
				CLANG_WARN_INT_CONVERSION = YES;
				CLANG_WARN_NON_LITERAL_NULL_CONVERSION = YES;
				CLANG_WARN_OBJC_IMPLICIT_RETAIN_SELF = YES;
				CLANG_WARN_OBJC_LITERAL_CONVERSION = YES;
				CLANG_WARN_OBJC_ROOT_CLASS = YES_ERROR;
				CLANG_WARN_RANGE_LOOP_ANALYSIS = YES;
				CLANG_WARN_STRICT_PROTOTYPES = YES;
				CLANG_WARN_SUSPICIOUS_MOVE = YES;
				CLANG_WARN_UNGUARDED_AVAILABILITY = YES_AGGRESSIVE;
				CLANG_WARN_UNREACHABLE_CODE = YES;
				CLANG_WARN__DUPLICATE_METHOD_MATCH = YES;
				COPY_PHASE_STRIP = NO;
				DEBUG_INFORMATION_FORMAT = "dwarf-with-dsym";
				ENABLE_NS_ASSERTIONS = NO;
				ENABLE_STRICT_OBJC_MSGSEND = YES;
				GCC_C_LANGUAGE_STANDARD = gnu11;
				GCC_NO_COMMON_BLOCKS = YES;
				GCC_WARN_64_TO_32_BIT_CONVERSION = YES;
				GCC_WARN_ABOUT_RETURN_TYPE = YES_ERROR;
				GCC_WARN_UNDECLARED_SELECTOR = YES;
				GCC_WARN_UNINITIALIZED_AUTOS = YES_AGGRESSIVE;
				GCC_WARN_UNUSED_FUNCTION = YES;
				GCC_WARN_UNUSED_VARIABLE = YES;
				MACOSX_DEPLOYMENT_TARGET = 10.14;
				MTL_ENABLE_DEBUG_INFO = NO;
				MTL_FAST_MATH = YES;
				SDKROOT = macosx;
			};
			name = Release;
		};
		2E2D967424473AFD00D2BF47 /* Debug */ = {
			isa = XCBuildConfiguration;
			buildSettings = {
				CODE_SIGN_STYLE = Automatic;
				DEVELOPMENT_TEAM = XJ97DB6RHL;
				ENABLE_HARDENED_RUNTIME = YES;
				PRODUCT_NAME = "$(TARGET_NAME)";
			};
			name = Debug;
		};
		2E2D967524473AFD00D2BF47 /* Release */ = {
			isa = XCBuildConfiguration;
			buildSettings = {
				CODE_SIGN_STYLE = Automatic;
				DEVELOPMENT_TEAM = XJ97DB6RHL;
				ENABLE_HARDENED_RUNTIME = YES;
				PRODUCT_NAME = "$(TARGET_NAME)";
			};
			name = Release;
		};
/* End XCBuildConfiguration section */

/* Begin XCConfigurationList section */
		2E2D966724473AFD00D2BF47 /* Build configuration list for PBXProject "test" */ = {
			isa = XCConfigurationList;
			buildConfigurations = (
				2E2D967124473AFD00D2BF47 /* Debug */,
				2E2D967224473AFD00D2BF47 /* Release */,
			);
			defaultConfigurationIsVisible = 0;
			defaultConfigurationName = Release;
		};
		2E2D967324473AFD00D2BF47 /* Build configuration list for PBXNativeTarget "test" */ = {
			isa = XCConfigurationList;
			buildConfigurations = (
				2E2D967424473AFD00D2BF47 /* Debug */,
				2E2D967524473AFD00D2BF47 /* Release */,
			);
			defaultConfigurationIsVisible = 0;
			defaultConfigurationName = Release;
		};
/* End XCConfigurationList section */
	};
	rootObject = 2E2D966424473AFD00D2BF47 /* Project object */;
}
